// !$*UTF8*$!
{
	archiveVersion = 1;
	classes = {
	};
	objectVersion = 55;
	objects = {

/* Begin PBXBuildFile section */
		05B0E10628913A6F005BDA8D /* ViewController.swift in Sources */ = {isa = PBXBuildFile; fileRef = 05B0E10528913A6F005BDA8D /* ViewController.swift */; };
		615B402FB8F22926F6074F7C /* SearchViewController.swift in Sources */ = {isa = PBXBuildFile; fileRef = 615B4C647D7975F745B6F833 /* SearchViewController.swift */; };
		615B4079D89E786FC0A3762D /* NetworkRouter.swift in Sources */ = {isa = PBXBuildFile; fileRef = 615B4C8EDAEA352B30D761E7 /* NetworkRouter.swift */; };
		615B408EE1C72EA2541BA78E /* BaseCoordinator.swift in Sources */ = {isa = PBXBuildFile; fileRef = 615B4A25389A7D8DDC6C5BA3 /* BaseCoordinator.swift */; };
		615B40AC830F48D183A9BC7D /* NetworkEndPointProtocol.swift in Sources */ = {isa = PBXBuildFile; fileRef = 615B46A8C2CC1AD9BB64B8F4 /* NetworkEndPointProtocol.swift */; };
		615B40CE563E51418CB64856 /* UIStackView+ext.swift in Sources */ = {isa = PBXBuildFile; fileRef = 615B49EDB3582A5ACE37C7E4 /* UIStackView+ext.swift */; };
		615B4293A643D6FB66F7DC4B /* FavoritesInteractor.swift in Sources */ = {isa = PBXBuildFile; fileRef = 615B4F13699D7B4E1349E2E2 /* FavoritesInteractor.swift */; };
		615B42A8758DA536062571FB /* Repository.swift in Sources */ = {isa = PBXBuildFile; fileRef = 615B4250218B3D6E96338125 /* Repository.swift */; };
		615B42AA6307128841E35F71 /* SearchInteractor.swift in Sources */ = {isa = PBXBuildFile; fileRef = 615B4CC4F1A1CEECE778A120 /* SearchInteractor.swift */; };
		615B432542016DF643E6AC16 /* StocksEndPoint.swift in Sources */ = {isa = PBXBuildFile; fileRef = 615B4B412250798462B7D5AB /* StocksEndPoint.swift */; };
		615B43585C1B0F744BE1021D /* HomeCoordinator.swift in Sources */ = {isa = PBXBuildFile; fileRef = 615B4977D9EF09B6C0F3C2B0 /* HomeCoordinator.swift */; };
		615B441A31CC1D1475255EC3 /* RouterProtocol.swift in Sources */ = {isa = PBXBuildFile; fileRef = 615B48F9288EBB5F131D88D2 /* RouterProtocol.swift */; };
		615B443D305C324107345716 /* SearchProtocols.swift in Sources */ = {isa = PBXBuildFile; fileRef = 615B41952FBFCBCF2671AE7B /* SearchProtocols.swift */; };
		615B44B4C1D17B1C97D0CD3C /* ApplicationCoordinator.swift in Sources */ = {isa = PBXBuildFile; fileRef = 615B4467B349453BAFA1FB6D /* ApplicationCoordinator.swift */; };
		615B4547C5272CBA159FE00B /* ThottledTextValidator.swift in Sources */ = {isa = PBXBuildFile; fileRef = 615B411BC05FB82D15C94D45 /* ThottledTextValidator.swift */; };
		615B4618A736928539E9FE65 /* SearchRouter.swift in Sources */ = {isa = PBXBuildFile; fileRef = 615B4C203112C9FFA7E020A3 /* SearchRouter.swift */; };
		615B4663C17A416ACB0AAD96 /* TableView.swift in Sources */ = {isa = PBXBuildFile; fileRef = 615B4FDBD26335665CBA8039 /* TableView.swift */; };
		615B46C37FFD0D5CE2F29619 /* NetworkingAPI.swift in Sources */ = {isa = PBXBuildFile; fileRef = 615B4608F986D63731482F57 /* NetworkingAPI.swift */; };
		615B46D5A4A8EABA81DD7E8F /* HomeInteractor.swift in Sources */ = {isa = PBXBuildFile; fileRef = 615B43E2F701258BA4EF2DE4 /* HomeInteractor.swift */; };
		615B4722222632B961AB9624 /* AppDelegate.swift in Sources */ = {isa = PBXBuildFile; fileRef = 615B4B156D1EE7331179C7D9 /* AppDelegate.swift */; };
		615B472A5868D4A8D75FD309 /* Type.swift in Sources */ = {isa = PBXBuildFile; fileRef = 615B424BBF45444959CE2559 /* Type.swift */; };
		615B47A595562B7226C57E68 /* MarketIndexCell.swift in Sources */ = {isa = PBXBuildFile; fileRef = 615B4F2430C51C83E7837FA0 /* MarketIndexCell.swift */; };
		615B47B8A85C32F25EE95BEA /* HomeRouter.swift in Sources */ = {isa = PBXBuildFile; fileRef = 615B4166749CE4F550DA000B /* HomeRouter.swift */; };
		615B47BE4E24BA31EB7D845F /* DeepLinkOption.swift in Sources */ = {isa = PBXBuildFile; fileRef = 615B40B3B449489442EE2FD0 /* DeepLinkOption.swift */; };
		615B47D5C8F62884FC45B079 /* CoordinatorFactory.swift in Sources */ = {isa = PBXBuildFile; fileRef = 615B4F770F7DBFBBCE14CC31 /* CoordinatorFactory.swift */; };
		615B481F57ABA6C06587B47E /* FavoritesViewController.swift in Sources */ = {isa = PBXBuildFile; fileRef = 615B494DA0559A94E8E9CC80 /* FavoritesViewController.swift */; };
		615B483DF86429FF47F7C2CE /* Router.swift in Sources */ = {isa = PBXBuildFile; fileRef = 615B48F00C187B32F37FB313 /* Router.swift */; };
		615B48E42E1C01F625A5062D /* HomeProtocols.swift in Sources */ = {isa = PBXBuildFile; fileRef = 615B466BA72F128C359A7A12 /* HomeProtocols.swift */; };
		615B48FC0937CCC1D77687EA /* HomePresenter.swift in Sources */ = {isa = PBXBuildFile; fileRef = 615B49602B0606625A1CD9FB /* HomePresenter.swift */; };
		615B49404DCE2100FFA4442A /* FavoritesRouter.swift in Sources */ = {isa = PBXBuildFile; fileRef = 615B45CF4D966AAA1FAF83D0 /* FavoritesRouter.swift */; };
		615B4941A33161396584FBFE /* UIViewController+Coordinator.swift in Sources */ = {isa = PBXBuildFile; fileRef = 615B48E8CBCA662ADD59BFC8 /* UIViewController+Coordinator.swift */; };
		615B49756CE44A91A78B565D /* SearchPresenter.swift in Sources */ = {isa = PBXBuildFile; fileRef = 615B415558B9F98C92C1664B /* SearchPresenter.swift */; };
		615B4A100EA677BB11696636 /* UILabel+ext.swift in Sources */ = {isa = PBXBuildFile; fileRef = 615B45391ECE73E9ADC86417 /* UILabel+ext.swift */; };
		615B4B335CB0D70BC26CEA87 /* SceneDelegate.swift in Sources */ = {isa = PBXBuildFile; fileRef = 615B4B708B7224B5730993DB /* SceneDelegate.swift */; };
		615B4B5C3DCFDBE425097A42 /* Options.swift in Sources */ = {isa = PBXBuildFile; fileRef = 615B4DC625FBF1EF81DDCC3B /* Options.swift */; };
		615B4B617FEE9A0A43B9A1F7 /* FavoritesPresenter.swift in Sources */ = {isa = PBXBuildFile; fileRef = 615B48D3914F030F87B34DFC /* FavoritesPresenter.swift */; };
		615B4B90ABC5801D876B3E35 /* Presentable.swift in Sources */ = {isa = PBXBuildFile; fileRef = 615B4428E41D927B9DB83954 /* Presentable.swift */; };
		615B4BCDE651C79C26A8DFF6 /* CollectionView.swift in Sources */ = {isa = PBXBuildFile; fileRef = 615B48599B6C96D751242690 /* CollectionView.swift */; };
		615B4C228D810D438B061E9D /* HTTPMethod.swift in Sources */ = {isa = PBXBuildFile; fileRef = 615B4FACCD702D090B596274 /* HTTPMethod.swift */; };
		615B4C64E0BDAE7FAA6CB451 /* DataRepository.swift in Sources */ = {isa = PBXBuildFile; fileRef = 615B42D349AA48CB28D02067 /* DataRepository.swift */; };
		615B4CA38EDF11BDCF4868DD /* FavoritesContract.swift in Sources */ = {isa = PBXBuildFile; fileRef = 615B4864E5206DD3ED2E3847 /* FavoritesContract.swift */; };
		615B4CD567B55256A0CD393A /* NetworkManager.swift in Sources */ = {isa = PBXBuildFile; fileRef = 615B4FDD7CDEE4C6F8DC0E3A /* NetworkManager.swift */; };
		615B4D1A5C91C378D9D83D2C /* StocksFetcher.swift in Sources */ = {isa = PBXBuildFile; fileRef = 615B45F125127B0E959443C6 /* StocksFetcher.swift */; };
		615B4DD2DD44C76610329E08 /* HomeViewController.swift in Sources */ = {isa = PBXBuildFile; fileRef = 615B40CC7CE53A4166E2A54B /* HomeViewController.swift */; };
		615B4E2C637796F35DF52A13 /* Stock.xcdatamodeld in Sources */ = {isa = PBXBuildFile; fileRef = 615B4647860DCB8A85D9014A /* Stock.xcdatamodeld */; };
		615B4E54E0021AECBFA9E35B /* Throttle.swift in Sources */ = {isa = PBXBuildFile; fileRef = 615B428FDF4D634EB21062B8 /* Throttle.swift */; };
		615B4EAB2B60E435D3B3E040 /* NetworkRouterProtocol.swift in Sources */ = {isa = PBXBuildFile; fileRef = 615B4D70201712CD39CF22F8 /* NetworkRouterProtocol.swift */; };
		615B4FA89A7EEB43D0409777 /* Coordinator.swift in Sources */ = {isa = PBXBuildFile; fileRef = 615B48CB45D4D47690F19034 /* Coordinator.swift */; };
		615B4FB49E79496435426785 /* ViewControllerFactory.swift in Sources */ = {isa = PBXBuildFile; fileRef = 615B465534FA5647708B84C0 /* ViewControllerFactory.swift */; };
		615B4FC3F87B77AED161C86D /* StocksRemoteDataManager.swift in Sources */ = {isa = PBXBuildFile; fileRef = 615B4213949CAB21A2CE0008 /* StocksRemoteDataManager.swift */; };
		8DDCF637E95194AFF04DE306 /* Pods_Stock.framework in Frameworks */ = {isa = PBXBuildFile; fileRef = 4BDA12EF28C984F43E4F3F2C /* Pods_Stock.framework */; };
		C2660EFB2887144100D8EA16 /* Assets.xcassets in Resources */ = {isa = PBXBuildFile; fileRef = C2660EFA2887144100D8EA16 /* Assets.xcassets */; };
		C2FE87D1288945FF0032E3B7 /* R.generated.swift in Sources */ = {isa = PBXBuildFile; fileRef = C2FE87D0288945FF0032E3B7 /* R.generated.swift */; };
		F88431A16C12CFC29E45A090 /* LaunchScreen.storyboard in Resources */ = {isa = PBXBuildFile; fileRef = F8843799106ECE74E53143C9 /* LaunchScreen.storyboard */; };
		F88434C616F1AA0C1AEC9938 /* UISegmentedControl+ext.swift in Sources */ = {isa = PBXBuildFile; fileRef = F88438B41E0EC0B20CE91282 /* UISegmentedControl+ext.swift */; };
		F8843E81357C2A5A22002ACA /* UIFont+ext.swift in Sources */ = {isa = PBXBuildFile; fileRef = F88433EE0301C20DEEB3BE28 /* UIFont+ext.swift */; };
		F8843EA82277262F06E35A65 /* Main.storyboard in Resources */ = {isa = PBXBuildFile; fileRef = F8843E41EAFD2FE88EAE653B /* Main.storyboard */; };
		F8843EE7423BDAD8803B8C36 /* StocksTableViewCell.swift in Sources */ = {isa = PBXBuildFile; fileRef = F884362F4DBDC5ABA6389215 /* StocksTableViewCell.swift */; };
		F8843F55B02A57E1EC68C1E1 /* StockDetails.swift in Sources */ = {isa = PBXBuildFile; fileRef = F884323FE4717B94F93CDFC6 /* StockDetails.swift */; };
/* End PBXBuildFile section */

/* Begin PBXFileReference section */
		05B0E10528913A6F005BDA8D /* ViewController.swift */ = {isa = PBXFileReference; lastKnownFileType = sourcecode.swift; path = ViewController.swift; sourceTree = "<group>"; };
		05B466DD288E985D0094940F /* testRxSwift.playground */ = {isa = PBXFileReference; lastKnownFileType = file.playground; path = testRxSwift.playground; sourceTree = "<group>"; xcLanguageSpecificationIdentifier = xcode.lang.swift; };
		4BDA12EF28C984F43E4F3F2C /* Pods_Stock.framework */ = {isa = PBXFileReference; explicitFileType = wrapper.framework; includeInIndex = 0; path = Pods_Stock.framework; sourceTree = BUILT_PRODUCTS_DIR; };
		615B40B3B449489442EE2FD0 /* DeepLinkOption.swift */ = {isa = PBXFileReference; fileEncoding = 4; lastKnownFileType = sourcecode.swift; path = DeepLinkOption.swift; sourceTree = "<group>"; };
		615B40CC7CE53A4166E2A54B /* HomeViewController.swift */ = {isa = PBXFileReference; fileEncoding = 4; lastKnownFileType = sourcecode.swift; path = HomeViewController.swift; sourceTree = "<group>"; };
		615B411BC05FB82D15C94D45 /* ThottledTextValidator.swift */ = {isa = PBXFileReference; fileEncoding = 4; lastKnownFileType = sourcecode.swift; path = ThottledTextValidator.swift; sourceTree = "<group>"; };
		615B415558B9F98C92C1664B /* SearchPresenter.swift */ = {isa = PBXFileReference; fileEncoding = 4; lastKnownFileType = sourcecode.swift; path = SearchPresenter.swift; sourceTree = "<group>"; };
		615B4166749CE4F550DA000B /* HomeRouter.swift */ = {isa = PBXFileReference; fileEncoding = 4; lastKnownFileType = sourcecode.swift; path = HomeRouter.swift; sourceTree = "<group>"; };
		615B41952FBFCBCF2671AE7B /* SearchProtocols.swift */ = {isa = PBXFileReference; fileEncoding = 4; lastKnownFileType = sourcecode.swift; path = SearchProtocols.swift; sourceTree = "<group>"; };
		615B4213949CAB21A2CE0008 /* StocksRemoteDataManager.swift */ = {isa = PBXFileReference; fileEncoding = 4; lastKnownFileType = sourcecode.swift; path = StocksRemoteDataManager.swift; sourceTree = "<group>"; };
		615B424BBF45444959CE2559 /* Type.swift */ = {isa = PBXFileReference; fileEncoding = 4; lastKnownFileType = sourcecode.swift; path = Type.swift; sourceTree = "<group>"; };
		615B4250218B3D6E96338125 /* Repository.swift */ = {isa = PBXFileReference; fileEncoding = 4; lastKnownFileType = sourcecode.swift; path = Repository.swift; sourceTree = "<group>"; };
		615B428FDF4D634EB21062B8 /* Throttle.swift */ = {isa = PBXFileReference; fileEncoding = 4; lastKnownFileType = sourcecode.swift; path = Throttle.swift; sourceTree = "<group>"; };
		615B42D349AA48CB28D02067 /* DataRepository.swift */ = {isa = PBXFileReference; fileEncoding = 4; lastKnownFileType = sourcecode.swift; path = DataRepository.swift; sourceTree = "<group>"; };
		615B43E2F701258BA4EF2DE4 /* HomeInteractor.swift */ = {isa = PBXFileReference; fileEncoding = 4; lastKnownFileType = sourcecode.swift; path = HomeInteractor.swift; sourceTree = "<group>"; };
		615B4428E41D927B9DB83954 /* Presentable.swift */ = {isa = PBXFileReference; fileEncoding = 4; lastKnownFileType = sourcecode.swift; path = Presentable.swift; sourceTree = "<group>"; };
		615B4467B349453BAFA1FB6D /* ApplicationCoordinator.swift */ = {isa = PBXFileReference; fileEncoding = 4; lastKnownFileType = sourcecode.swift; path = ApplicationCoordinator.swift; sourceTree = "<group>"; };
		615B45391ECE73E9ADC86417 /* UILabel+ext.swift */ = {isa = PBXFileReference; fileEncoding = 4; lastKnownFileType = sourcecode.swift; path = "UILabel+ext.swift"; sourceTree = "<group>"; };
		615B45CF4D966AAA1FAF83D0 /* FavoritesRouter.swift */ = {isa = PBXFileReference; fileEncoding = 4; lastKnownFileType = sourcecode.swift; path = FavoritesRouter.swift; sourceTree = "<group>"; };
		615B45F125127B0E959443C6 /* StocksFetcher.swift */ = {isa = PBXFileReference; fileEncoding = 4; lastKnownFileType = sourcecode.swift; path = StocksFetcher.swift; sourceTree = "<group>"; };
		615B4608F986D63731482F57 /* NetworkingAPI.swift */ = {isa = PBXFileReference; fileEncoding = 4; lastKnownFileType = sourcecode.swift; path = NetworkingAPI.swift; sourceTree = "<group>"; };
		615B465534FA5647708B84C0 /* ViewControllerFactory.swift */ = {isa = PBXFileReference; fileEncoding = 4; lastKnownFileType = sourcecode.swift; path = ViewControllerFactory.swift; sourceTree = "<group>"; };
		615B466BA72F128C359A7A12 /* HomeProtocols.swift */ = {isa = PBXFileReference; fileEncoding = 4; lastKnownFileType = sourcecode.swift; path = HomeProtocols.swift; sourceTree = "<group>"; };
		615B46A8C2CC1AD9BB64B8F4 /* NetworkEndPointProtocol.swift */ = {isa = PBXFileReference; fileEncoding = 4; lastKnownFileType = sourcecode.swift; path = NetworkEndPointProtocol.swift; sourceTree = "<group>"; };
		615B46AC29E3CE721FF587BF /* Stock.xcdatamodel */ = {isa = PBXFileReference; lastKnownFileType = wrapper.xcdatamodel; path = Stock.xcdatamodel; sourceTree = "<group>"; };
		615B48599B6C96D751242690 /* CollectionView.swift */ = {isa = PBXFileReference; fileEncoding = 4; lastKnownFileType = sourcecode.swift; path = CollectionView.swift; sourceTree = "<group>"; };
		615B4864E5206DD3ED2E3847 /* FavoritesContract.swift */ = {isa = PBXFileReference; fileEncoding = 4; lastKnownFileType = sourcecode.swift; path = FavoritesContract.swift; sourceTree = "<group>"; };
		615B48CB45D4D47690F19034 /* Coordinator.swift */ = {isa = PBXFileReference; fileEncoding = 4; lastKnownFileType = sourcecode.swift; path = Coordinator.swift; sourceTree = "<group>"; };
		615B48D3914F030F87B34DFC /* FavoritesPresenter.swift */ = {isa = PBXFileReference; fileEncoding = 4; lastKnownFileType = sourcecode.swift; path = FavoritesPresenter.swift; sourceTree = "<group>"; };
		615B48E8CBCA662ADD59BFC8 /* UIViewController+Coordinator.swift */ = {isa = PBXFileReference; fileEncoding = 4; lastKnownFileType = sourcecode.swift; path = "UIViewController+Coordinator.swift"; sourceTree = "<group>"; };
		615B48F00C187B32F37FB313 /* Router.swift */ = {isa = PBXFileReference; fileEncoding = 4; lastKnownFileType = sourcecode.swift; path = Router.swift; sourceTree = "<group>"; };
		615B48F9288EBB5F131D88D2 /* RouterProtocol.swift */ = {isa = PBXFileReference; fileEncoding = 4; lastKnownFileType = sourcecode.swift; path = RouterProtocol.swift; sourceTree = "<group>"; };
		615B494DA0559A94E8E9CC80 /* FavoritesViewController.swift */ = {isa = PBXFileReference; fileEncoding = 4; lastKnownFileType = sourcecode.swift; path = FavoritesViewController.swift; sourceTree = "<group>"; };
		615B49602B0606625A1CD9FB /* HomePresenter.swift */ = {isa = PBXFileReference; fileEncoding = 4; lastKnownFileType = sourcecode.swift; path = HomePresenter.swift; sourceTree = "<group>"; };
		615B4977D9EF09B6C0F3C2B0 /* HomeCoordinator.swift */ = {isa = PBXFileReference; fileEncoding = 4; lastKnownFileType = sourcecode.swift; path = HomeCoordinator.swift; sourceTree = "<group>"; };
		615B49EDB3582A5ACE37C7E4 /* UIStackView+ext.swift */ = {isa = PBXFileReference; fileEncoding = 4; lastKnownFileType = sourcecode.swift; path = "UIStackView+ext.swift"; sourceTree = "<group>"; };
		615B4A25389A7D8DDC6C5BA3 /* BaseCoordinator.swift */ = {isa = PBXFileReference; fileEncoding = 4; lastKnownFileType = sourcecode.swift; path = BaseCoordinator.swift; sourceTree = "<group>"; };
		615B4B156D1EE7331179C7D9 /* AppDelegate.swift */ = {isa = PBXFileReference; fileEncoding = 4; lastKnownFileType = sourcecode.swift; path = AppDelegate.swift; sourceTree = "<group>"; };
		615B4B412250798462B7D5AB /* StocksEndPoint.swift */ = {isa = PBXFileReference; fileEncoding = 4; lastKnownFileType = sourcecode.swift; path = StocksEndPoint.swift; sourceTree = "<group>"; };
		615B4B708B7224B5730993DB /* SceneDelegate.swift */ = {isa = PBXFileReference; fileEncoding = 4; lastKnownFileType = sourcecode.swift; path = SceneDelegate.swift; sourceTree = "<group>"; };
		615B4C203112C9FFA7E020A3 /* SearchRouter.swift */ = {isa = PBXFileReference; fileEncoding = 4; lastKnownFileType = sourcecode.swift; path = SearchRouter.swift; sourceTree = "<group>"; };
		615B4C647D7975F745B6F833 /* SearchViewController.swift */ = {isa = PBXFileReference; fileEncoding = 4; lastKnownFileType = sourcecode.swift; path = SearchViewController.swift; sourceTree = "<group>"; };
		615B4C8EDAEA352B30D761E7 /* NetworkRouter.swift */ = {isa = PBXFileReference; fileEncoding = 4; lastKnownFileType = sourcecode.swift; path = NetworkRouter.swift; sourceTree = "<group>"; };
		615B4CC4F1A1CEECE778A120 /* SearchInteractor.swift */ = {isa = PBXFileReference; fileEncoding = 4; lastKnownFileType = sourcecode.swift; path = SearchInteractor.swift; sourceTree = "<group>"; };
		615B4D70201712CD39CF22F8 /* NetworkRouterProtocol.swift */ = {isa = PBXFileReference; fileEncoding = 4; lastKnownFileType = sourcecode.swift; path = NetworkRouterProtocol.swift; sourceTree = "<group>"; };
		615B4DC625FBF1EF81DDCC3B /* Options.swift */ = {isa = PBXFileReference; fileEncoding = 4; lastKnownFileType = sourcecode.swift; path = Options.swift; sourceTree = "<group>"; };
		615B4F13699D7B4E1349E2E2 /* FavoritesInteractor.swift */ = {isa = PBXFileReference; fileEncoding = 4; lastKnownFileType = sourcecode.swift; path = FavoritesInteractor.swift; sourceTree = "<group>"; };
		615B4F2430C51C83E7837FA0 /* MarketIndexCell.swift */ = {isa = PBXFileReference; fileEncoding = 4; lastKnownFileType = sourcecode.swift; path = MarketIndexCell.swift; sourceTree = "<group>"; };
		615B4F770F7DBFBBCE14CC31 /* CoordinatorFactory.swift */ = {isa = PBXFileReference; fileEncoding = 4; lastKnownFileType = sourcecode.swift; path = CoordinatorFactory.swift; sourceTree = "<group>"; };
		615B4FACCD702D090B596274 /* HTTPMethod.swift */ = {isa = PBXFileReference; fileEncoding = 4; lastKnownFileType = sourcecode.swift; path = HTTPMethod.swift; sourceTree = "<group>"; };
		615B4FDBD26335665CBA8039 /* TableView.swift */ = {isa = PBXFileReference; fileEncoding = 4; lastKnownFileType = sourcecode.swift; path = TableView.swift; sourceTree = "<group>"; };
		615B4FDD7CDEE4C6F8DC0E3A /* NetworkManager.swift */ = {isa = PBXFileReference; fileEncoding = 4; lastKnownFileType = sourcecode.swift; path = NetworkManager.swift; sourceTree = "<group>"; };
		A66DF8FEF1B5A7B2AA2FCB42 /* Pods-Stock.release.xcconfig */ = {isa = PBXFileReference; includeInIndex = 1; lastKnownFileType = text.xcconfig; name = "Pods-Stock.release.xcconfig"; path = "Target Support Files/Pods-Stock/Pods-Stock.release.xcconfig"; sourceTree = "<group>"; };
		C2660EEB2887143F00D8EA16 /* Stock.app */ = {isa = PBXFileReference; explicitFileType = wrapper.application; includeInIndex = 0; path = Stock.app; sourceTree = BUILT_PRODUCTS_DIR; };
		C2660EFA2887144100D8EA16 /* Assets.xcassets */ = {isa = PBXFileReference; lastKnownFileType = folder.assetcatalog; path = Assets.xcassets; sourceTree = "<group>"; };
		C2660EFF2887144100D8EA16 /* Info.plist */ = {isa = PBXFileReference; lastKnownFileType = text.plist.xml; path = Info.plist; sourceTree = "<group>"; };
		C2660F09288715C400D8EA16 /* Stock-Bridging-Header.h */ = {isa = PBXFileReference; lastKnownFileType = sourcecode.c.h; name = "Stock-Bridging-Header.h"; path = "Stock/Supporting Files/Stock-Bridging-Header.h"; sourceTree = SOURCE_ROOT; };
		C2FE87D0288945FF0032E3B7 /* R.generated.swift */ = {isa = PBXFileReference; fileEncoding = 4; lastKnownFileType = sourcecode.swift; path = R.generated.swift; sourceTree = SOURCE_ROOT; };
		C47552D34E845DBB859096A2 /* Pods-Stock.debug.xcconfig */ = {isa = PBXFileReference; includeInIndex = 1; lastKnownFileType = text.xcconfig; name = "Pods-Stock.debug.xcconfig"; path = "Target Support Files/Pods-Stock/Pods-Stock.debug.xcconfig"; sourceTree = "<group>"; };
		F884323FE4717B94F93CDFC6 /* StockDetails.swift */ = {isa = PBXFileReference; fileEncoding = 4; lastKnownFileType = sourcecode.swift; path = StockDetails.swift; sourceTree = "<group>"; };
		F88433EE0301C20DEEB3BE28 /* UIFont+ext.swift */ = {isa = PBXFileReference; fileEncoding = 4; lastKnownFileType = sourcecode.swift; path = "UIFont+ext.swift"; sourceTree = "<group>"; };
		F884362F4DBDC5ABA6389215 /* StocksTableViewCell.swift */ = {isa = PBXFileReference; fileEncoding = 4; lastKnownFileType = sourcecode.swift; path = StocksTableViewCell.swift; sourceTree = "<group>"; };
		F8843799106ECE74E53143C9 /* LaunchScreen.storyboard */ = {isa = PBXFileReference; lastKnownFileType = file.storyboard; path = LaunchScreen.storyboard; sourceTree = "<group>"; };
		F88438B41E0EC0B20CE91282 /* UISegmentedControl+ext.swift */ = {isa = PBXFileReference; fileEncoding = 4; lastKnownFileType = sourcecode.swift; path = "UISegmentedControl+ext.swift"; sourceTree = "<group>"; };
		F8843E41EAFD2FE88EAE653B /* Main.storyboard */ = {isa = PBXFileReference; lastKnownFileType = file.storyboard; path = Main.storyboard; sourceTree = "<group>"; };
/* End PBXFileReference section */

/* Begin PBXFrameworksBuildPhase section */
		C2660EE82887143F00D8EA16 /* Frameworks */ = {
			isa = PBXFrameworksBuildPhase;
			buildActionMask = 2147483647;
			files = (
				8DDCF637E95194AFF04DE306 /* Pods_Stock.framework in Frameworks */,
			);
			runOnlyForDeploymentPostprocessing = 0;
		};
/* End PBXFrameworksBuildPhase section */

/* Begin PBXGroup section */
		04EC03E43ED929EE57A2ECD4 /* Frameworks */ = {
			isa = PBXGroup;
			children = (
				4BDA12EF28C984F43E4F3F2C /* Pods_Stock.framework */,
			);
			name = Frameworks;
			sourceTree = "<group>";
		};
		05078D1C2888032A002C6223 /* Resources */ = {
			isa = PBXGroup;
			children = (
				C2FE87D0288945FF0032E3B7 /* R.generated.swift */,
				C2660EFA2887144100D8EA16 /* Assets.xcassets */,
				F8843799106ECE74E53143C9 /* LaunchScreen.storyboard */,
				F8843E41EAFD2FE88EAE653B /* Main.storyboard */,
			);
			path = Resources;
			sourceTree = "<group>";
		};
		05B466DC288E98050094940F /* Playgrounds */ = {
			isa = PBXGroup;
			children = (
				05B466DD288E985D0094940F /* testRxSwift.playground */,
			);
			path = Playgrounds;
			sourceTree = "<group>";
		};
		173267D272348BF581DC2077 /* Pods */ = {
			isa = PBXGroup;
			children = (
				C47552D34E845DBB859096A2 /* Pods-Stock.debug.xcconfig */,
				A66DF8FEF1B5A7B2AA2FCB42 /* Pods-Stock.release.xcconfig */,
			);
			path = Pods;
			sourceTree = "<group>";
		};
		615B400235AA67DD6DE6405D /* CollectionView */ = {
			isa = PBXGroup;
			children = (
				615B48599B6C96D751242690 /* CollectionView.swift */,
			);
			path = CollectionView;
			sourceTree = "<group>";
		};
		615B4033655D7D5F4F9B724A /* SearchPresenter */ = {
			isa = PBXGroup;
			children = (
				615B415558B9F98C92C1664B /* SearchPresenter.swift */,
			);
			path = SearchPresenter;
			sourceTree = "<group>";
		};
		615B4055FEC780AB152AB833 /* SearchInteractor */ = {
			isa = PBXGroup;
			children = (
				615B4CC4F1A1CEECE778A120 /* SearchInteractor.swift */,
			);
			path = SearchInteractor;
			sourceTree = "<group>";
		};
		615B40944C0BB8540170E9FC /* Presenter */ = {
			isa = PBXGroup;
			children = (
				615B49602B0606625A1CD9FB /* HomePresenter.swift */,
			);
			path = Presenter;
			sourceTree = "<group>";
		};
		615B410C35C62FD56677D21D /* Networking */ = {
			isa = PBXGroup;
			children = (
				615B452DAADBE0DDB5E48878 /* CancellableFetcher */,
				615B4CA9FD653CDD1DF2A4B8 /* API */,
				615B4213949CAB21A2CE0008 /* StocksRemoteDataManager.swift */,
				615B48FAF053BEA2EB606D8E /* TextValidator */,
			);
			path = Networking;
			sourceTree = "<group>";
		};
		615B414376A3EF6EBA491CF5 /* FavoritesInteractor */ = {
			isa = PBXGroup;
			children = (
				615B4F13699D7B4E1349E2E2 /* FavoritesInteractor.swift */,
			);
			path = FavoritesInteractor;
			sourceTree = "<group>";
		};
		615B41894CE7338F7AF23A64 /* Protocols */ = {
			isa = PBXGroup;
			children = (
				615B466BA72F128C359A7A12 /* HomeProtocols.swift */,
			);
			path = Protocols;
			sourceTree = "<group>";
		};
		615B41CA79B408F38368CDDD /* Factories */ = {
			isa = PBXGroup;
			children = (
				615B4F770F7DBFBBCE14CC31 /* CoordinatorFactory.swift */,
				615B465534FA5647708B84C0 /* ViewControllerFactory.swift */,
			);
			path = Factories;
			sourceTree = "<group>";
		};
		615B423CFBE5146D3102D87C /* SearchRouter */ = {
			isa = PBXGroup;
			children = (
				615B4C203112C9FFA7E020A3 /* SearchRouter.swift */,
			);
			path = SearchRouter;
			sourceTree = "<group>";
		};
		615B42ABE864486AB3490F98 /* TableView */ = {
			isa = PBXGroup;
			children = (
				615B4FDBD26335665CBA8039 /* TableView.swift */,
			);
			path = TableView;
			sourceTree = "<group>";
		};
		615B42BEF4B5E9DFA5D5ED10 /* Manager */ = {
			isa = PBXGroup;
			children = (
				615B4FDD7CDEE4C6F8DC0E3A /* NetworkManager.swift */,
			);
			path = Manager;
			sourceTree = "<group>";
		};
		615B42C2455A58B054CF14D6 /* NetworkRouter */ = {
			isa = PBXGroup;
			children = (
				615B4D70201712CD39CF22F8 /* NetworkRouterProtocol.swift */,
				615B4C8EDAEA352B30D761E7 /* NetworkRouter.swift */,
			);
			path = NetworkRouter;
			sourceTree = "<group>";
		};
		615B435E05982CF493E59427 /* Router */ = {
			isa = PBXGroup;
			children = (
				615B48F00C187B32F37FB313 /* Router.swift */,
				615B48F9288EBB5F131D88D2 /* RouterProtocol.swift */,
			);
			path = Router;
			sourceTree = "<group>";
		};
		615B436C406ECA2D6045ADB9 /* Type */ = {
			isa = PBXGroup;
			children = (
				615B424BBF45444959CE2559 /* Type.swift */,
			);
			path = Type;
			sourceTree = "<group>";
		};
		615B43A498ED76F14A893DD2 /* Base */ = {
			isa = PBXGroup;
			children = (
				615B4A25389A7D8DDC6C5BA3 /* BaseCoordinator.swift */,
			);
			path = Base;
			sourceTree = "<group>";
		};
		615B43C546B98CD76AD24CB0 /* CoreData */ = {
			isa = PBXGroup;
			children = (
				615B4647860DCB8A85D9014A /* Stock.xcdatamodeld */,
			);
			path = CoreData;
			sourceTree = "<group>";
		};
		615B4439D0AB90E1CA514E72 /* App */ = {
			isa = PBXGroup;
			children = (
				615B4871BD1B00B15C3D718F /* Common */,
				615B4C5462BF5F56DF7D68DC /* Scenes */,
				615B49D5CA0B42E6958BE823 /* Coordinator */,
				615B4ED82EFA5BECBBA18C72 /* DataMappingLayer */,
				615B4AA7E025D52F607C40EB /* Extensions */,
				615B455E25F5630E903BBE36 /* Utils */,
				615B443E3B1B4F98098F1E8E /* ApplicationLaunch */,
			);
			path = App;
			sourceTree = "<group>";
		};
		615B443E3B1B4F98098F1E8E /* ApplicationLaunch */ = {
			isa = PBXGroup;
			children = (
				615B4B708B7224B5730993DB /* SceneDelegate.swift */,
				615B4B156D1EE7331179C7D9 /* AppDelegate.swift */,
			);
			path = ApplicationLaunch;
			sourceTree = "<group>";
		};
		615B44D2B2E0B27556A31962 /* FavoritesPresenter */ = {
			isa = PBXGroup;
			children = (
				615B48D3914F030F87B34DFC /* FavoritesPresenter.swift */,
			);
			path = FavoritesPresenter;
			sourceTree = "<group>";
		};
		615B451C7CC9230CAF4A9510 /* QueryParameters */ = {
			isa = PBXGroup;
			children = (
				615B4DC625FBF1EF81DDCC3B /* Options.swift */,
			);
			path = QueryParameters;
			sourceTree = "<group>";
		};
		615B452DAADBE0DDB5E48878 /* CancellableFetcher */ = {
			isa = PBXGroup;
			children = (
				615B45F125127B0E959443C6 /* StocksFetcher.swift */,
			);
			path = CancellableFetcher;
			sourceTree = "<group>";
		};
		615B4547C10D47D05BE7CCC0 /* Protocols */ = {
			isa = PBXGroup;
			children = (
				615B48CB45D4D47690F19034 /* Coordinator.swift */,
				615B4428E41D927B9DB83954 /* Presentable.swift */,
			);
			path = Protocols;
			sourceTree = "<group>";
		};
		615B455E25F5630E903BBE36 /* Utils */ = {
			isa = PBXGroup;
			children = (
				615B428FDF4D634EB21062B8 /* Throttle.swift */,
			);
			path = Utils;
			sourceTree = "<group>";
		};
		615B47374A3E3B432FA051CC /* Protocols */ = {
			isa = PBXGroup;
			children = (
				615B41952FBFCBCF2671AE7B /* SearchProtocols.swift */,
			);
			path = Protocols;
			sourceTree = "<group>";
		};
		615B47FCB921830948AB1207 /* Home */ = {
			isa = PBXGroup;
			children = (
				615B41894CE7338F7AF23A64 /* Protocols */,
				615B4DB1E25F06F28D02BF0A /* HomeAssembly */,
				615B48DA38E54EAF49AD8E49 /* Model */,
			);
			path = Home;
			sourceTree = "<group>";
		};
		615B4871BD1B00B15C3D718F /* Common */ = {
			isa = PBXGroup;
			children = (
				615B400235AA67DD6DE6405D /* CollectionView */,
				615B42ABE864486AB3490F98 /* TableView */,
			);
			path = Common;
			sourceTree = "<group>";
		};
		615B48952575706D908F6A6F /* FavoritesView */ = {
			isa = PBXGroup;
			children = (
				615B494DA0559A94E8E9CC80 /* FavoritesViewController.swift */,
			);
			path = FavoritesView;
			sourceTree = "<group>";
		};
		615B48AA7D213B9801217CF7 /* PersistentContainer */ = {
			isa = PBXGroup;
			children = (
				615B43C546B98CD76AD24CB0 /* CoreData */,
			);
			path = PersistentContainer;
			sourceTree = "<group>";
		};
		615B48B59B3449C158112CBD /* Search */ = {
			isa = PBXGroup;
			children = (
				615B4055FEC780AB152AB833 /* SearchInteractor */,
				615B4033655D7D5F4F9B724A /* SearchPresenter */,
				615B47374A3E3B432FA051CC /* Protocols */,
				615B423CFBE5146D3102D87C /* SearchRouter */,
				615B4A654127ED3A9F8F7057 /* SearchView */,
			);
			path = Search;
			sourceTree = "<group>";
		};
		615B48BA3E2249250524D673 /* BaseCoordinator */ = {
			isa = PBXGroup;
			children = (
				615B43A498ED76F14A893DD2 /* Base */,
				615B49B5F19C0FE745F02B42 /* Enums */,
				615B41CA79B408F38368CDDD /* Factories */,
				615B4547C10D47D05BE7CCC0 /* Protocols */,
				615B435E05982CF493E59427 /* Router */,
			);
			path = BaseCoordinator;
			sourceTree = "<group>";
		};
		615B48DA38E54EAF49AD8E49 /* Model */ = {
			isa = PBXGroup;
			children = (
				615B4EA46282B7F22178A064 /* Entity */,
				615B4D14C3406FF3820041D1 /* Router */,
				615B40944C0BB8540170E9FC /* Presenter */,
				615B4A29FC8682C6E61FFF90 /* Interactor */,
				615B4A75FC3743454A5D337F /* View */,
			);
			path = Model;
			sourceTree = "<group>";
		};
		615B48FAF053BEA2EB606D8E /* TextValidator */ = {
			isa = PBXGroup;
			children = (
				615B411BC05FB82D15C94D45 /* ThottledTextValidator.swift */,
			);
			path = TextValidator;
			sourceTree = "<group>";
		};
		615B492F64670345143EAA65 /* Network */ = {
			isa = PBXGroup;
			children = (
				615B42BEF4B5E9DFA5D5ED10 /* Manager */,
				615B4F06B93DF5A28162F7A1 /* Service */,
			);
			path = Network;
			sourceTree = "<group>";
		};
		615B4957391B590AD92BC583 /* Coordinators */ = {
			isa = PBXGroup;
			children = (
				615B4467B349453BAFA1FB6D /* ApplicationCoordinator.swift */,
				615B4977D9EF09B6C0F3C2B0 /* HomeCoordinator.swift */,
			);
			path = Coordinators;
			sourceTree = "<group>";
		};
		615B49B5F19C0FE745F02B42 /* Enums */ = {
			isa = PBXGroup;
			children = (
				615B40B3B449489442EE2FD0 /* DeepLinkOption.swift */,
			);
			path = Enums;
			sourceTree = "<group>";
		};
		615B49D5CA0B42E6958BE823 /* Coordinator */ = {
			isa = PBXGroup;
			children = (
				615B48BA3E2249250524D673 /* BaseCoordinator */,
				615B4957391B590AD92BC583 /* Coordinators */,
			);
			path = Coordinator;
			sourceTree = "<group>";
		};
		615B49E8A5350FC9427A0D06 /* Repository */ = {
			isa = PBXGroup;
			children = (
				615B42D349AA48CB28D02067 /* DataRepository.swift */,
				615B4FA25C8B910033DD1C0D /* Protocols */,
			);
			path = Repository;
			sourceTree = "<group>";
		};
		615B4A1499F71BE91E8979F3 /* EndPoint */ = {
			isa = PBXGroup;
			children = (
				615B46A8C2CC1AD9BB64B8F4 /* NetworkEndPointProtocol.swift */,
				615B4B412250798462B7D5AB /* StocksEndPoint.swift */,
			);
			path = EndPoint;
			sourceTree = "<group>";
		};
		615B4A29FC8682C6E61FFF90 /* Interactor */ = {
			isa = PBXGroup;
			children = (
				615B43E2F701258BA4EF2DE4 /* HomeInteractor.swift */,
			);
			path = Interactor;
			sourceTree = "<group>";
		};
		615B4A654127ED3A9F8F7057 /* SearchView */ = {
			isa = PBXGroup;
			children = (
				615B4C647D7975F745B6F833 /* SearchViewController.swift */,
			);
			path = SearchView;
			sourceTree = "<group>";
		};
		615B4A75FC3743454A5D337F /* View */ = {
			isa = PBXGroup;
			children = (
				615B40CC7CE53A4166E2A54B /* HomeViewController.swift */,
				615B4D5520ABFA7F5D2ECE2F /* CollectionViewCell */,
				F884327119923B78F367D827 /* TableViewCell */,
			);
			path = View;
			sourceTree = "<group>";
		};
		615B4AA7E025D52F607C40EB /* Extensions */ = {
			isa = PBXGroup;
			children = (
				615B49EDB3582A5ACE37C7E4 /* UIStackView+ext.swift */,
				615B45391ECE73E9ADC86417 /* UILabel+ext.swift */,
				615B48E8CBCA662ADD59BFC8 /* UIViewController+Coordinator.swift */,
				F88438B41E0EC0B20CE91282 /* UISegmentedControl+ext.swift */,
				F88433EE0301C20DEEB3BE28 /* UIFont+ext.swift */,
			);
			path = Extensions;
			sourceTree = "<group>";
		};
		615B4BD0FC2435AAA39819C2 /* Favorites */ = {
			isa = PBXGroup;
			children = (
				615B414376A3EF6EBA491CF5 /* FavoritesInteractor */,
				615B44D2B2E0B27556A31962 /* FavoritesPresenter */,
				615B4CA83BEC554AB03811B3 /* FavoritesRouter */,
				615B48952575706D908F6A6F /* FavoritesView */,
				615B4CD785373FB24FC2E0A9 /* Protocols */,
			);
			path = Favorites;
			sourceTree = "<group>";
		};
		615B4C2B679ECFCE77F8991D /* HTTPMethod */ = {
			isa = PBXGroup;
			children = (
				615B4FACCD702D090B596274 /* HTTPMethod.swift */,
			);
			path = HTTPMethod;
			sourceTree = "<group>";
		};
		615B4C5462BF5F56DF7D68DC /* Scenes */ = {
			isa = PBXGroup;
			children = (
				615B48B59B3449C158112CBD /* Search */,
				615B4BD0FC2435AAA39819C2 /* Favorites */,
				615B47FCB921830948AB1207 /* Home */,
			);
			path = Scenes;
			sourceTree = "<group>";
		};
		615B4CA83BEC554AB03811B3 /* FavoritesRouter */ = {
			isa = PBXGroup;
			children = (
				615B45CF4D966AAA1FAF83D0 /* FavoritesRouter.swift */,
			);
			path = FavoritesRouter;
			sourceTree = "<group>";
		};
		615B4CA9FD653CDD1DF2A4B8 /* API */ = {
			isa = PBXGroup;
			children = (
				615B4608F986D63731482F57 /* NetworkingAPI.swift */,
			);
			path = API;
			sourceTree = "<group>";
		};
		615B4CD785373FB24FC2E0A9 /* Protocols */ = {
			isa = PBXGroup;
			children = (
				615B4864E5206DD3ED2E3847 /* FavoritesContract.swift */,
			);
			path = Protocols;
			sourceTree = "<group>";
		};
		615B4D14C3406FF3820041D1 /* Router */ = {
			isa = PBXGroup;
			children = (
				615B4166749CE4F550DA000B /* HomeRouter.swift */,
			);
			path = Router;
			sourceTree = "<group>";
		};
		615B4D5520ABFA7F5D2ECE2F /* CollectionViewCell */ = {
			isa = PBXGroup;
			children = (
				615B4F2430C51C83E7837FA0 /* MarketIndexCell.swift */,
			);
			path = CollectionViewCell;
			sourceTree = "<group>";
		};
		615B4DB1E25F06F28D02BF0A /* HomeAssembly */ = {
			isa = PBXGroup;
			children = (
			);
			path = HomeAssembly;
			sourceTree = "<group>";
		};
		615B4EA46282B7F22178A064 /* Entity */ = {
			isa = PBXGroup;
			children = (
				F884323FE4717B94F93CDFC6 /* StockDetails.swift */,
			);
			path = Entity;
			sourceTree = "<group>";
		};
		615B4ED82EFA5BECBBA18C72 /* DataMappingLayer */ = {
			isa = PBXGroup;
			children = (
				615B492F64670345143EAA65 /* Network */,
				615B48AA7D213B9801217CF7 /* PersistentContainer */,
				615B49E8A5350FC9427A0D06 /* Repository */,
				615B410C35C62FD56677D21D /* Networking */,
			);
			path = DataMappingLayer;
			sourceTree = "<group>";
		};
		615B4F06B93DF5A28162F7A1 /* Service */ = {
			isa = PBXGroup;
			children = (
				615B42C2455A58B054CF14D6 /* NetworkRouter */,
				615B436C406ECA2D6045ADB9 /* Type */,
				615B4C2B679ECFCE77F8991D /* HTTPMethod */,
				615B4A1499F71BE91E8979F3 /* EndPoint */,
				615B451C7CC9230CAF4A9510 /* QueryParameters */,
			);
			path = Service;
			sourceTree = "<group>";
		};
		615B4FA25C8B910033DD1C0D /* Protocols */ = {
			isa = PBXGroup;
			children = (
				615B4250218B3D6E96338125 /* Repository.swift */,
			);
			path = Protocols;
			sourceTree = "<group>";
		};
		C2660EE22887143F00D8EA16 = {
			isa = PBXGroup;
			children = (
				C2660EED2887143F00D8EA16 /* Stock */,
				C2660EEC2887143F00D8EA16 /* Products */,
				173267D272348BF581DC2077 /* Pods */,
				04EC03E43ED929EE57A2ECD4 /* Frameworks */,
			);
			sourceTree = "<group>";
		};
		C2660EEC2887143F00D8EA16 /* Products */ = {
			isa = PBXGroup;
			children = (
				C2660EEB2887143F00D8EA16 /* Stock.app */,
			);
			name = Products;
			sourceTree = "<group>";
		};
		C2660EED2887143F00D8EA16 /* Stock */ = {
			isa = PBXGroup;
			children = (
				05B466DC288E98050094940F /* Playgrounds */,
				05078D1C2888032A002C6223 /* Resources */,
				C2660F052887144800D8EA16 /* Supporting Files */,
				05B0E10528913A6F005BDA8D /* ViewController.swift */,
				615B4439D0AB90E1CA514E72 /* App */,
			);
			path = Stock;
			sourceTree = "<group>";
		};
		C2660F052887144800D8EA16 /* Supporting Files */ = {
			isa = PBXGroup;
			children = (
				C2660EFF2887144100D8EA16 /* Info.plist */,
				C2660F09288715C400D8EA16 /* Stock-Bridging-Header.h */,
			);
			path = "Supporting Files";
			sourceTree = "<group>";
		};
		F884327119923B78F367D827 /* TableViewCell */ = {
			isa = PBXGroup;
			children = (
				F884362F4DBDC5ABA6389215 /* StocksTableViewCell.swift */,
			);
			path = TableViewCell;
			sourceTree = "<group>";
		};
/* End PBXGroup section */

/* Begin PBXNativeTarget section */
		C2660EEA2887143F00D8EA16 /* Stock */ = {
			isa = PBXNativeTarget;
			buildConfigurationList = C2660F022887144100D8EA16 /* Build configuration list for PBXNativeTarget "Stock" */;
			buildPhases = (
				5AF2B992A73546AD26AC2961 /* [CP] Check Pods Manifest.lock */,
				05078D1B28880079002C6223 /* ShellScript */,
				C2660EE72887143F00D8EA16 /* Sources */,
				C2660EE82887143F00D8EA16 /* Frameworks */,
				C2660EE92887143F00D8EA16 /* Resources */,
				59BB781BB1A321B20BFE628D /* [CP] Embed Pods Frameworks */,
			);
			buildRules = (
			);
			dependencies = (
			);
			name = Stock;
			productName = Stock;
			productReference = C2660EEB2887143F00D8EA16 /* Stock.app */;
			productType = "com.apple.product-type.application";
		};
/* End PBXNativeTarget section */

/* Begin PBXProject section */
		C2660EE32887143F00D8EA16 /* Project object */ = {
			isa = PBXProject;
			attributes = {
				BuildIndependentTargetsInParallel = 1;
				LastSwiftUpdateCheck = 1340;
				LastUpgradeCheck = 1340;
				TargetAttributes = {
					C2660EEA2887143F00D8EA16 = {
						CreatedOnToolsVersion = 13.4.1;
					};
				};
			};
			buildConfigurationList = C2660EE62887143F00D8EA16 /* Build configuration list for PBXProject "Stock" */;
			compatibilityVersion = "Xcode 13.0";
			developmentRegion = en;
			hasScannedForEncodings = 0;
			knownRegions = (
				en,
				Base,
			);
			mainGroup = C2660EE22887143F00D8EA16;
			productRefGroup = C2660EEC2887143F00D8EA16 /* Products */;
			projectDirPath = "";
			projectRoot = "";
			targets = (
				C2660EEA2887143F00D8EA16 /* Stock */,
			);
		};
/* End PBXProject section */

/* Begin PBXResourcesBuildPhase section */
		C2660EE92887143F00D8EA16 /* Resources */ = {
			isa = PBXResourcesBuildPhase;
			buildActionMask = 2147483647;
			files = (
				C2660EFB2887144100D8EA16 /* Assets.xcassets in Resources */,
				F88431A16C12CFC29E45A090 /* LaunchScreen.storyboard in Resources */,
				F8843EA82277262F06E35A65 /* Main.storyboard in Resources */,
			);
			runOnlyForDeploymentPostprocessing = 0;
		};
/* End PBXResourcesBuildPhase section */

/* Begin PBXShellScriptBuildPhase section */
		05078D1B28880079002C6223 /* ShellScript */ = {
			isa = PBXShellScriptBuildPhase;
			alwaysOutOfDate = 1;
			buildActionMask = 2147483647;
			files = (
			);
			inputFileListPaths = (
			);
			inputPaths = (
			);
			outputFileListPaths = (
			);
			outputPaths = (
				$SRCROOT/R.generated.swift,
			);
			runOnlyForDeploymentPostprocessing = 0;
			shellPath = /bin/sh;
			shellScript = "\"$PODS_ROOT/R.swift/rswift\" generate \"$SRCROOT/R.generated.swift\"\n";
		};
		59BB781BB1A321B20BFE628D /* [CP] Embed Pods Frameworks */ = {
			isa = PBXShellScriptBuildPhase;
			buildActionMask = 2147483647;
			files = (
			);
			inputFileListPaths = (
				"${PODS_ROOT}/Target Support Files/Pods-Stock/Pods-Stock-frameworks-${CONFIGURATION}-input-files.xcfilelist",
			);
			name = "[CP] Embed Pods Frameworks";
			outputFileListPaths = (
				"${PODS_ROOT}/Target Support Files/Pods-Stock/Pods-Stock-frameworks-${CONFIGURATION}-output-files.xcfilelist",
			);
			runOnlyForDeploymentPostprocessing = 0;
			shellPath = /bin/sh;
			shellScript = "\"${PODS_ROOT}/Target Support Files/Pods-Stock/Pods-Stock-frameworks.sh\"\n";
			showEnvVarsInLog = 0;
		};
		5AF2B992A73546AD26AC2961 /* [CP] Check Pods Manifest.lock */ = {
			isa = PBXShellScriptBuildPhase;
			buildActionMask = 2147483647;
			files = (
			);
			inputFileListPaths = (
			);
			inputPaths = (
				"${PODS_PODFILE_DIR_PATH}/Podfile.lock",
				"${PODS_ROOT}/Manifest.lock",
			);
			name = "[CP] Check Pods Manifest.lock";
			outputFileListPaths = (
			);
			outputPaths = (
				"$(DERIVED_FILE_DIR)/Pods-Stock-checkManifestLockResult.txt",
			);
			runOnlyForDeploymentPostprocessing = 0;
			shellPath = /bin/sh;
			shellScript = "diff \"${PODS_PODFILE_DIR_PATH}/Podfile.lock\" \"${PODS_ROOT}/Manifest.lock\" > /dev/null\nif [ $? != 0 ] ; then\n    # print error to STDERR\n    echo \"error: The sandbox is not in sync with the Podfile.lock. Run 'pod install' or update your CocoaPods installation.\" >&2\n    exit 1\nfi\n# This output is used by Xcode 'outputs' to avoid re-running this script phase.\necho \"SUCCESS\" > \"${SCRIPT_OUTPUT_FILE_0}\"\n";
			showEnvVarsInLog = 0;
		};
/* End PBXShellScriptBuildPhase section */

/* Begin PBXSourcesBuildPhase section */
		C2660EE72887143F00D8EA16 /* Sources */ = {
			isa = PBXSourcesBuildPhase;
			buildActionMask = 2147483647;
			files = (
				C2FE87D1288945FF0032E3B7 /* R.generated.swift in Sources */,
				05B0E10628913A6F005BDA8D /* ViewController.swift in Sources */,
				615B4BCDE651C79C26A8DFF6 /* CollectionView.swift in Sources */,
				615B4663C17A416ACB0AAD96 /* TableView.swift in Sources */,
				615B42AA6307128841E35F71 /* SearchInteractor.swift in Sources */,
				615B49756CE44A91A78B565D /* SearchPresenter.swift in Sources */,
				615B443D305C324107345716 /* SearchProtocols.swift in Sources */,
				615B4618A736928539E9FE65 /* SearchRouter.swift in Sources */,
				615B402FB8F22926F6074F7C /* SearchViewController.swift in Sources */,
				615B4293A643D6FB66F7DC4B /* FavoritesInteractor.swift in Sources */,
				615B4B617FEE9A0A43B9A1F7 /* FavoritesPresenter.swift in Sources */,
				615B49404DCE2100FFA4442A /* FavoritesRouter.swift in Sources */,
				615B481F57ABA6C06587B47E /* FavoritesViewController.swift in Sources */,
				615B4CA38EDF11BDCF4868DD /* FavoritesContract.swift in Sources */,
				615B48E42E1C01F625A5062D /* HomeProtocols.swift in Sources */,
				615B408EE1C72EA2541BA78E /* BaseCoordinator.swift in Sources */,
				615B47BE4E24BA31EB7D845F /* DeepLinkOption.swift in Sources */,
				615B47D5C8F62884FC45B079 /* CoordinatorFactory.swift in Sources */,
				615B4FB49E79496435426785 /* ViewControllerFactory.swift in Sources */,
				615B4FA89A7EEB43D0409777 /* Coordinator.swift in Sources */,
				615B4B90ABC5801D876B3E35 /* Presentable.swift in Sources */,
				615B483DF86429FF47F7C2CE /* Router.swift in Sources */,
				615B441A31CC1D1475255EC3 /* RouterProtocol.swift in Sources */,
				615B44B4C1D17B1C97D0CD3C /* ApplicationCoordinator.swift in Sources */,
				615B43585C1B0F744BE1021D /* HomeCoordinator.swift in Sources */,
				615B4CD567B55256A0CD393A /* NetworkManager.swift in Sources */,
				615B4EAB2B60E435D3B3E040 /* NetworkRouterProtocol.swift in Sources */,
				615B4079D89E786FC0A3762D /* NetworkRouter.swift in Sources */,
				615B472A5868D4A8D75FD309 /* Type.swift in Sources */,
				615B4C228D810D438B061E9D /* HTTPMethod.swift in Sources */,
				615B40AC830F48D183A9BC7D /* NetworkEndPointProtocol.swift in Sources */,
				615B432542016DF643E6AC16 /* StocksEndPoint.swift in Sources */,
				615B4B5C3DCFDBE425097A42 /* Options.swift in Sources */,
				615B4E2C637796F35DF52A13 /* Stock.xcdatamodeld in Sources */,
				615B4C64E0BDAE7FAA6CB451 /* DataRepository.swift in Sources */,
				615B42A8758DA536062571FB /* Repository.swift in Sources */,
				615B40CE563E51418CB64856 /* UIStackView+ext.swift in Sources */,
				615B4A100EA677BB11696636 /* UILabel+ext.swift in Sources */,
				615B4941A33161396584FBFE /* UIViewController+Coordinator.swift in Sources */,
				615B4B335CB0D70BC26CEA87 /* SceneDelegate.swift in Sources */,
				615B4722222632B961AB9624 /* AppDelegate.swift in Sources */,
				615B4E54E0021AECBFA9E35B /* Throttle.swift in Sources */,
				615B47B8A85C32F25EE95BEA /* HomeRouter.swift in Sources */,
				615B48FC0937CCC1D77687EA /* HomePresenter.swift in Sources */,
				615B46D5A4A8EABA81DD7E8F /* HomeInteractor.swift in Sources */,
				615B4DD2DD44C76610329E08 /* HomeViewController.swift in Sources */,
				615B47A595562B7226C57E68 /* MarketIndexCell.swift in Sources */,
				615B4D1A5C91C378D9D83D2C /* StocksFetcher.swift in Sources */,
				615B46C37FFD0D5CE2F29619 /* NetworkingAPI.swift in Sources */,
				615B4FC3F87B77AED161C86D /* StocksRemoteDataManager.swift in Sources */,
				615B4547C5272CBA159FE00B /* ThottledTextValidator.swift in Sources */,
				F88434C616F1AA0C1AEC9938 /* UISegmentedControl+ext.swift in Sources */,
				F8843F55B02A57E1EC68C1E1 /* StockDetails.swift in Sources */,
				F8843E81357C2A5A22002ACA /* UIFont+ext.swift in Sources */,
				F8843EE7423BDAD8803B8C36 /* StocksTableViewCell.swift in Sources */,
			);
			runOnlyForDeploymentPostprocessing = 0;
		};
/* End PBXSourcesBuildPhase section */

/* Begin XCBuildConfiguration section */
		C2660F002887144100D8EA16 /* Debug */ = {
			isa = XCBuildConfiguration;
			buildSettings = {
				ALWAYS_SEARCH_USER_PATHS = NO;
				CLANG_ANALYZER_NONNULL = YES;
				CLANG_ANALYZER_NUMBER_OBJECT_CONVERSION = YES_AGGRESSIVE;
				CLANG_CXX_LANGUAGE_STANDARD = "gnu++17";
				CLANG_ENABLE_MODULES = YES;
				CLANG_ENABLE_OBJC_ARC = YES;
				CLANG_ENABLE_OBJC_WEAK = YES;
				CLANG_WARN_BLOCK_CAPTURE_AUTORELEASING = YES;
				CLANG_WARN_BOOL_CONVERSION = YES;
				CLANG_WARN_COMMA = YES;
				CLANG_WARN_CONSTANT_CONVERSION = YES;
				CLANG_WARN_DEPRECATED_OBJC_IMPLEMENTATIONS = YES;
				CLANG_WARN_DIRECT_OBJC_ISA_USAGE = YES_ERROR;
				CLANG_WARN_DOCUMENTATION_COMMENTS = YES;
				CLANG_WARN_EMPTY_BODY = YES;
				CLANG_WARN_ENUM_CONVERSION = YES;
				CLANG_WARN_INFINITE_RECURSION = YES;
				CLANG_WARN_INT_CONVERSION = YES;
				CLANG_WARN_NON_LITERAL_NULL_CONVERSION = YES;
				CLANG_WARN_OBJC_IMPLICIT_RETAIN_SELF = YES;
				CLANG_WARN_OBJC_LITERAL_CONVERSION = YES;
				CLANG_WARN_OBJC_ROOT_CLASS = YES_ERROR;
				CLANG_WARN_QUOTED_INCLUDE_IN_FRAMEWORK_HEADER = YES;
				CLANG_WARN_RANGE_LOOP_ANALYSIS = YES;
				CLANG_WARN_STRICT_PROTOTYPES = YES;
				CLANG_WARN_SUSPICIOUS_MOVE = YES;
				CLANG_WARN_UNGUARDED_AVAILABILITY = YES_AGGRESSIVE;
				CLANG_WARN_UNREACHABLE_CODE = YES;
				CLANG_WARN__DUPLICATE_METHOD_MATCH = YES;
				COPY_PHASE_STRIP = NO;
				DEBUG_INFORMATION_FORMAT = dwarf;
				ENABLE_STRICT_OBJC_MSGSEND = YES;
				ENABLE_TESTABILITY = YES;
				GCC_C_LANGUAGE_STANDARD = gnu11;
				GCC_DYNAMIC_NO_PIC = NO;
				GCC_NO_COMMON_BLOCKS = YES;
				GCC_OPTIMIZATION_LEVEL = 0;
				GCC_PREPROCESSOR_DEFINITIONS = (
					"DEBUG=1",
					"$(inherited)",
				);
				GCC_WARN_64_TO_32_BIT_CONVERSION = YES;
				GCC_WARN_ABOUT_RETURN_TYPE = YES_ERROR;
				GCC_WARN_UNDECLARED_SELECTOR = YES;
				GCC_WARN_UNINITIALIZED_AUTOS = YES_AGGRESSIVE;
				GCC_WARN_UNUSED_FUNCTION = YES;
				GCC_WARN_UNUSED_VARIABLE = YES;
				IPHONEOS_DEPLOYMENT_TARGET = 15.5;
				MTL_ENABLE_DEBUG_INFO = INCLUDE_SOURCE;
				MTL_FAST_MATH = YES;
				ONLY_ACTIVE_ARCH = YES;
				SDKROOT = iphoneos;
				SWIFT_ACTIVE_COMPILATION_CONDITIONS = DEBUG;
				SWIFT_OPTIMIZATION_LEVEL = "-Onone";
			};
			name = Debug;
		};
		C2660F012887144100D8EA16 /* Release */ = {
			isa = XCBuildConfiguration;
			buildSettings = {
				ALWAYS_SEARCH_USER_PATHS = NO;
				CLANG_ANALYZER_NONNULL = YES;
				CLANG_ANALYZER_NUMBER_OBJECT_CONVERSION = YES_AGGRESSIVE;
				CLANG_CXX_LANGUAGE_STANDARD = "gnu++17";
				CLANG_ENABLE_MODULES = YES;
				CLANG_ENABLE_OBJC_ARC = YES;
				CLANG_ENABLE_OBJC_WEAK = YES;
				CLANG_WARN_BLOCK_CAPTURE_AUTORELEASING = YES;
				CLANG_WARN_BOOL_CONVERSION = YES;
				CLANG_WARN_COMMA = YES;
				CLANG_WARN_CONSTANT_CONVERSION = YES;
				CLANG_WARN_DEPRECATED_OBJC_IMPLEMENTATIONS = YES;
				CLANG_WARN_DIRECT_OBJC_ISA_USAGE = YES_ERROR;
				CLANG_WARN_DOCUMENTATION_COMMENTS = YES;
				CLANG_WARN_EMPTY_BODY = YES;
				CLANG_WARN_ENUM_CONVERSION = YES;
				CLANG_WARN_INFINITE_RECURSION = YES;
				CLANG_WARN_INT_CONVERSION = YES;
				CLANG_WARN_NON_LITERAL_NULL_CONVERSION = YES;
				CLANG_WARN_OBJC_IMPLICIT_RETAIN_SELF = YES;
				CLANG_WARN_OBJC_LITERAL_CONVERSION = YES;
				CLANG_WARN_OBJC_ROOT_CLASS = YES_ERROR;
				CLANG_WARN_QUOTED_INCLUDE_IN_FRAMEWORK_HEADER = YES;
				CLANG_WARN_RANGE_LOOP_ANALYSIS = YES;
				CLANG_WARN_STRICT_PROTOTYPES = YES;
				CLANG_WARN_SUSPICIOUS_MOVE = YES;
				CLANG_WARN_UNGUARDED_AVAILABILITY = YES_AGGRESSIVE;
				CLANG_WARN_UNREACHABLE_CODE = YES;
				CLANG_WARN__DUPLICATE_METHOD_MATCH = YES;
				COPY_PHASE_STRIP = NO;
				DEBUG_INFORMATION_FORMAT = "dwarf-with-dsym";
				ENABLE_NS_ASSERTIONS = NO;
				ENABLE_STRICT_OBJC_MSGSEND = YES;
				GCC_C_LANGUAGE_STANDARD = gnu11;
				GCC_NO_COMMON_BLOCKS = YES;
				GCC_WARN_64_TO_32_BIT_CONVERSION = YES;
				GCC_WARN_ABOUT_RETURN_TYPE = YES_ERROR;
				GCC_WARN_UNDECLARED_SELECTOR = YES;
				GCC_WARN_UNINITIALIZED_AUTOS = YES_AGGRESSIVE;
				GCC_WARN_UNUSED_FUNCTION = YES;
				GCC_WARN_UNUSED_VARIABLE = YES;
				IPHONEOS_DEPLOYMENT_TARGET = 15.5;
				MTL_ENABLE_DEBUG_INFO = NO;
				MTL_FAST_MATH = YES;
				SDKROOT = iphoneos;
				SWIFT_COMPILATION_MODE = wholemodule;
				SWIFT_OPTIMIZATION_LEVEL = "-O";
				VALIDATE_PRODUCT = YES;
			};
			name = Release;
		};
		C2660F032887144100D8EA16 /* Debug */ = {
			isa = XCBuildConfiguration;
			baseConfigurationReference = C47552D34E845DBB859096A2 /* Pods-Stock.debug.xcconfig */;
			buildSettings = {
				ASSETCATALOG_COMPILER_APPICON_NAME = AppIcon;
				ASSETCATALOG_COMPILER_GLOBAL_ACCENT_COLOR_NAME = AccentColor;
				CODE_SIGN_STYLE = Automatic;
				CURRENT_PROJECT_VERSION = 1;
				DEVELOPMENT_TEAM = X4FJ736MWC;
				GENERATE_INFOPLIST_FILE = YES;
				INFOPLIST_FILE = "Stock/Supporting Files/Info.plist";
				INFOPLIST_KEY_UIApplicationSupportsIndirectInputEvents = YES;
				INFOPLIST_KEY_UILaunchStoryboardName = LaunchScreen;
				INFOPLIST_KEY_UISupportedInterfaceOrientations_iPad = "UIInterfaceOrientationPortrait UIInterfaceOrientationPortraitUpsideDown UIInterfaceOrientationLandscapeLeft UIInterfaceOrientationLandscapeRight";
				INFOPLIST_KEY_UISupportedInterfaceOrientations_iPhone = "UIInterfaceOrientationPortrait UIInterfaceOrientationLandscapeLeft UIInterfaceOrientationLandscapeRight";
				LD_RUNPATH_SEARCH_PATHS = (
					"$(inherited)",
					"@executable_path/Frameworks",
				);
				MARKETING_VERSION = 1.0;
				PRODUCT_BUNDLE_IDENTIFIER = Zlmnv.Stock;
				PRODUCT_NAME = "$(TARGET_NAME)";
				SWIFT_EMIT_LOC_STRINGS = YES;
				SWIFT_OBJC_BRIDGING_HEADER = "Stock/Supporting Files/Stock-Bridging-Header.h";
				SWIFT_VERSION = 5.0;
				TARGETED_DEVICE_FAMILY = 1;
			};
			name = Debug;
		};
		C2660F042887144100D8EA16 /* Release */ = {
			isa = XCBuildConfiguration;
			baseConfigurationReference = A66DF8FEF1B5A7B2AA2FCB42 /* Pods-Stock.release.xcconfig */;
			buildSettings = {
				ASSETCATALOG_COMPILER_APPICON_NAME = AppIcon;
				ASSETCATALOG_COMPILER_GLOBAL_ACCENT_COLOR_NAME = AccentColor;
				CODE_SIGN_STYLE = Automatic;
				CURRENT_PROJECT_VERSION = 1;
				DEVELOPMENT_TEAM = X4FJ736MWC;
				GENERATE_INFOPLIST_FILE = YES;
				INFOPLIST_FILE = "Stock/Supporting Files/Info.plist";
				INFOPLIST_KEY_UIApplicationSupportsIndirectInputEvents = YES;
				INFOPLIST_KEY_UILaunchStoryboardName = LaunchScreen;
				INFOPLIST_KEY_UISupportedInterfaceOrientations_iPad = "UIInterfaceOrientationPortrait UIInterfaceOrientationPortraitUpsideDown UIInterfaceOrientationLandscapeLeft UIInterfaceOrientationLandscapeRight";
				INFOPLIST_KEY_UISupportedInterfaceOrientations_iPhone = "UIInterfaceOrientationPortrait UIInterfaceOrientationLandscapeLeft UIInterfaceOrientationLandscapeRight";
				LD_RUNPATH_SEARCH_PATHS = (
					"$(inherited)",
					"@executable_path/Frameworks",
				);
				MARKETING_VERSION = 1.0;
				PRODUCT_BUNDLE_IDENTIFIER = Zlmnv.Stock;
				PRODUCT_NAME = "$(TARGET_NAME)";
				SWIFT_EMIT_LOC_STRINGS = YES;
				SWIFT_OBJC_BRIDGING_HEADER = "Stock/Supporting Files/Stock-Bridging-Header.h";
				SWIFT_VERSION = 5.0;
				TARGETED_DEVICE_FAMILY = 1;
			};
			name = Release;
		};
/* End XCBuildConfiguration section */

/* Begin XCConfigurationList section */
		C2660EE62887143F00D8EA16 /* Build configuration list for PBXProject "Stock" */ = {
			isa = XCConfigurationList;
			buildConfigurations = (
				C2660F002887144100D8EA16 /* Debug */,
				C2660F012887144100D8EA16 /* Release */,
			);
			defaultConfigurationIsVisible = 0;
			defaultConfigurationName = Release;
		};
		C2660F022887144100D8EA16 /* Build configuration list for PBXNativeTarget "Stock" */ = {
			isa = XCConfigurationList;
			buildConfigurations = (
				C2660F032887144100D8EA16 /* Debug */,
				C2660F042887144100D8EA16 /* Release */,
			);
			defaultConfigurationIsVisible = 0;
			defaultConfigurationName = Release;
		};
/* End XCConfigurationList section */

/* Begin XCVersionGroup section */
		615B4647860DCB8A85D9014A /* Stock.xcdatamodeld */ = {
			isa = XCVersionGroup;
			children = (
				615B46AC29E3CE721FF587BF /* Stock.xcdatamodel */,
			);
			currentVersion = 615B46AC29E3CE721FF587BF /* Stock.xcdatamodel */;
			path = Stock.xcdatamodeld;
			sourceTree = "<group>";
			versionGroupType = wrapper.xcdatamodel;
		};
/* End XCVersionGroup section */
	};
	rootObject = C2660EE32887143F00D8EA16 /* Project object */;
}
