// !$*UTF8*$!
{
	archiveVersion = 1;
	classes = {
	};
	objectVersion = 55;
	objects = {

/* Begin PBXBuildFile section */
		615B4216C09879397E7CDA04 /* HomeProtocols.swift in Sources */ = {isa = PBXBuildFile; fileRef = 615B4A2E8E5BA7551661FB8A /* HomeProtocols.swift */; };
		615B425937BE1B75E52980DD /* HomeInteractor.swift in Sources */ = {isa = PBXBuildFile; fileRef = 615B4FC62E1EB96A822CC51A /* HomeInteractor.swift */; };
		615B43798AB811DD96C9AE9E /* HomePresenter.swift in Sources */ = {isa = PBXBuildFile; fileRef = 615B48310B5CB5EA21F8B18A /* HomePresenter.swift */; };
		615B4427DCE5CBEF874CD747 /* UIStackView+ext.swift in Sources */ = {isa = PBXBuildFile; fileRef = 615B4D70EF98C72930D20AFA /* UIStackView+ext.swift */; };
		615B4551C8784C61A8A8CCDE /* HomeViewController.swift in Sources */ = {isa = PBXBuildFile; fileRef = 615B453775827B917CC1D631 /* HomeViewController.swift */; };
		615B482DCC1AE0FD1422905F /* TableView.swift in Sources */ = {isa = PBXBuildFile; fileRef = 615B4687F0B80B6DB46D3676 /* TableView.swift */; };
		615B48F3173DEC6047B139BF /* CollectionView.swift in Sources */ = {isa = PBXBuildFile; fileRef = 615B45B56E11F7D58D6A4151 /* CollectionView.swift */; };
		615B4986E740C3F2C65D57E3 /* HomeEntity.swift in Sources */ = {isa = PBXBuildFile; fileRef = 615B4BEBFE6ED9CBE7484DA1 /* HomeEntity.swift */; };
		615B4A0AD28AD4CB87345794 /* HomeRouter.swift in Sources */ = {isa = PBXBuildFile; fileRef = 615B46915B7F0C0B5865EECA /* HomeRouter.swift */; };
		8DDCF637E95194AFF04DE306 /* Pods_Stock.framework in Frameworks */ = {isa = PBXBuildFile; fileRef = 4BDA12EF28C984F43E4F3F2C /* Pods_Stock.framework */; };
		C2660EEF2887143F00D8EA16 /* AppDelegate.swift in Sources */ = {isa = PBXBuildFile; fileRef = C2660EEE2887143F00D8EA16 /* AppDelegate.swift */; };
		C2660EF12887143F00D8EA16 /* SceneDelegate.swift in Sources */ = {isa = PBXBuildFile; fileRef = C2660EF02887143F00D8EA16 /* SceneDelegate.swift */; };
		C2660EF32887143F00D8EA16 /* ViewController.swift in Sources */ = {isa = PBXBuildFile; fileRef = C2660EF22887143F00D8EA16 /* ViewController.swift */; };
		C2660EFB2887144100D8EA16 /* Assets.xcassets in Resources */ = {isa = PBXBuildFile; fileRef = C2660EFA2887144100D8EA16 /* Assets.xcassets */; };
		C2FE87D1288945FF0032E3B7 /* R.generated.swift in Sources */ = {isa = PBXBuildFile; fileRef = C2FE87D0288945FF0032E3B7 /* R.generated.swift */; };
		F884300B10F16A82FE24AC1E /* Coordinator.swift in Sources */ = {isa = PBXBuildFile; fileRef = F8843A7500023E0CA4E23B9E /* Coordinator.swift */; };
		F88430658FA48EADD77A5530 /* Stock.xcdatamodeld in Sources */ = {isa = PBXBuildFile; fileRef = F8843AC9DE96094366842C3E /* Stock.xcdatamodeld */; };
		F88430C14B70AA3C5F7974A5 /* NetworkEndPointProtocol.swift in Sources */ = {isa = PBXBuildFile; fileRef = F884302C4CF99874B7452476 /* NetworkEndPointProtocol.swift */; };
		F88431A16C12CFC29E45A090 /* LaunchScreen.storyboard in Resources */ = {isa = PBXBuildFile; fileRef = F8843799106ECE74E53143C9 /* LaunchScreen.storyboard */; };
		F88431D8560BC55A879E79D8 /* Router.swift in Sources */ = {isa = PBXBuildFile; fileRef = F884375788683BE022BA3731 /* Router.swift */; };
		F88431ED3A29C87F0CB28FB8 /* FavoritesContract.swift in Sources */ = {isa = PBXBuildFile; fileRef = F88430683185D6876937DD81 /* FavoritesContract.swift */; };
		F884335AC1C4E0A2F5B67EF0 /* NetworkRouterProtocol.swift in Sources */ = {isa = PBXBuildFile; fileRef = F88431CAFAC394A88AD1C9EA /* NetworkRouterProtocol.swift */; };
		F8843449750A40323527EAC2 /* HTTPMethod.swift in Sources */ = {isa = PBXBuildFile; fileRef = F88437A9014083967D54A2E1 /* HTTPMethod.swift */; };
		F884357A20FC20A8DCE89568 /* SearchInteractor.swift in Sources */ = {isa = PBXBuildFile; fileRef = F8843AD77598D8285EFE9D4A /* SearchInteractor.swift */; };
		F88435AA95940B3ED425B795 /* NetworkManager.swift in Sources */ = {isa = PBXBuildFile; fileRef = F8843EAEB8D4A96EC4C06A01 /* NetworkManager.swift */; };
		F8843614917D8F5749B15C39 /* Type.swift in Sources */ = {isa = PBXBuildFile; fileRef = F88439DA3B614FB4B6AA3F1D /* Type.swift */; };
		F884362270E62C098B3D1FD4 /* SearchPresenter.swift in Sources */ = {isa = PBXBuildFile; fileRef = F8843B76969CFACEDDDD7C12 /* SearchPresenter.swift */; };
		F8843635FEE445FB3742CC3F /* UILabel+ext.swift in Sources */ = {isa = PBXBuildFile; fileRef = F884372841A6FBEBFE2757D5 /* UILabel+ext.swift */; };
		F88436ADC5AAC1D87C30BAD9 /* BaseCoordinator.swift in Sources */ = {isa = PBXBuildFile; fileRef = F88439ED47B47101039E282E /* BaseCoordinator.swift */; };
		F88436DB8F947A37B094AE27 /* StocksEndPoint.swift in Sources */ = {isa = PBXBuildFile; fileRef = F88434D105BDCC63B3081844 /* StocksEndPoint.swift */; };
		F884376BD199BB077FA8EBFA /* RouterProtocol.swift in Sources */ = {isa = PBXBuildFile; fileRef = F8843D93AC7E51FABC98BC6B /* RouterProtocol.swift */; };
		F8843785870C02C5B4F8454B /* CoordinatorFactory.swift in Sources */ = {isa = PBXBuildFile; fileRef = F884342DF625FDB0E767551A /* CoordinatorFactory.swift */; };
		F88437EAFFED29D15A672704 /* FavoritesViewController.swift in Sources */ = {isa = PBXBuildFile; fileRef = F8843B9B8EDBE2509E482F92 /* FavoritesViewController.swift */; };
		F884382BFDD754FBDBD39617 /* ViewControllerFactory.swift in Sources */ = {isa = PBXBuildFile; fileRef = F8843FCF28EB2B0152F88B71 /* ViewControllerFactory.swift */; };
		F884388A2B320911EA416125 /* DataRepository.swift in Sources */ = {isa = PBXBuildFile; fileRef = F8843790CB87FABEACD1C679 /* DataRepository.swift */; };
		F88439182B7F792748B892AA /* SearchProtocols.swift in Sources */ = {isa = PBXBuildFile; fileRef = F88434148F6CD5A7ABC515C3 /* SearchProtocols.swift */; };
		F8843A596575F22B6F021A95 /* FavoritesInteractor.swift in Sources */ = {isa = PBXBuildFile; fileRef = F8843E79C90B3F9837E722B2 /* FavoritesInteractor.swift */; };
		F8843A8B965CC99A8419FA39 /* SearchRouter.swift in Sources */ = {isa = PBXBuildFile; fileRef = F8843160C5F4EDBC9468D471 /* SearchRouter.swift */; };
		F8843A9A6AD9494E1AFB8F17 /* FavoritesPresenter.swift in Sources */ = {isa = PBXBuildFile; fileRef = F88438B15773A9D086ED030E /* FavoritesPresenter.swift */; };
		F8843B435BEEF64986746911 /* DeepLinkOption.swift in Sources */ = {isa = PBXBuildFile; fileRef = F88438CD4823376BE2911621 /* DeepLinkOption.swift */; };
		F8843BB7519B3EECAA03A8D0 /* ApplicationCoordinator.swift in Sources */ = {isa = PBXBuildFile; fileRef = F88432D130EA95E6B3D74B0E /* ApplicationCoordinator.swift */; };
		F8843BD5CF341AFE498631FB /* Options.swift in Sources */ = {isa = PBXBuildFile; fileRef = F88430ACDAA47DBB2A8E7945 /* Options.swift */; };
		F8843CD46A113636AE67CC8A /* FavoritesRouter.swift in Sources */ = {isa = PBXBuildFile; fileRef = F88433D5E0A73B3472D3BB8E /* FavoritesRouter.swift */; };
		F8843D70B2ACCE0ABD7205FB /* MarketIndexCell.swift in Sources */ = {isa = PBXBuildFile; fileRef = F884382BAA3C541D8DFD64D9 /* MarketIndexCell.swift */; };
		F8843D923855959484E04F50 /* HomeCoordinator.swift in Sources */ = {isa = PBXBuildFile; fileRef = F8843BB7272280849571B820 /* HomeCoordinator.swift */; };
		F8843E25EA6AE36A4CEA6C86 /* Presentable.swift in Sources */ = {isa = PBXBuildFile; fileRef = F8843DD6D6BC4BF5D4BD2816 /* Presentable.swift */; };
		F8843E5EA3F744E3325D36DB /* Repository.swift in Sources */ = {isa = PBXBuildFile; fileRef = F88430682F683C23378B85F8 /* Repository.swift */; };
		F8843EA6CEDED50716EC5B45 /* SearchViewController.swift in Sources */ = {isa = PBXBuildFile; fileRef = F8843FAC42ACCB047EBA873C /* SearchViewController.swift */; };
		F8843EA82277262F06E35A65 /* Main.storyboard in Resources */ = {isa = PBXBuildFile; fileRef = F8843E41EAFD2FE88EAE653B /* Main.storyboard */; };
		F8843FFAEC627E8303046FD8 /* NetworkRouter.swift in Sources */ = {isa = PBXBuildFile; fileRef = F8843BA0F3B316790EE0D072 /* NetworkRouter.swift */; };
/* End PBXBuildFile section */

/* Begin PBXFileReference section */
		05B466DD288E985D0094940F /* testRxSwift.playground */ = {isa = PBXFileReference; lastKnownFileType = file.playground; path = testRxSwift.playground; sourceTree = "<group>"; xcLanguageSpecificationIdentifier = xcode.lang.swift; };
		4BDA12EF28C984F43E4F3F2C /* Pods_Stock.framework */ = {isa = PBXFileReference; explicitFileType = wrapper.framework; includeInIndex = 0; path = Pods_Stock.framework; sourceTree = BUILT_PRODUCTS_DIR; };
		615B453775827B917CC1D631 /* HomeViewController.swift */ = {isa = PBXFileReference; fileEncoding = 4; lastKnownFileType = sourcecode.swift; path = HomeViewController.swift; sourceTree = "<group>"; };
		615B45B56E11F7D58D6A4151 /* CollectionView.swift */ = {isa = PBXFileReference; fileEncoding = 4; lastKnownFileType = sourcecode.swift; path = CollectionView.swift; sourceTree = "<group>"; };
		615B4687F0B80B6DB46D3676 /* TableView.swift */ = {isa = PBXFileReference; fileEncoding = 4; lastKnownFileType = sourcecode.swift; path = TableView.swift; sourceTree = "<group>"; };
		615B46915B7F0C0B5865EECA /* HomeRouter.swift */ = {isa = PBXFileReference; fileEncoding = 4; lastKnownFileType = sourcecode.swift; path = HomeRouter.swift; sourceTree = "<group>"; };
		615B48310B5CB5EA21F8B18A /* HomePresenter.swift */ = {isa = PBXFileReference; fileEncoding = 4; lastKnownFileType = sourcecode.swift; path = HomePresenter.swift; sourceTree = "<group>"; };
		615B4A2E8E5BA7551661FB8A /* HomeProtocols.swift */ = {isa = PBXFileReference; fileEncoding = 4; lastKnownFileType = sourcecode.swift; path = HomeProtocols.swift; sourceTree = "<group>"; };
		615B4BEBFE6ED9CBE7484DA1 /* HomeEntity.swift */ = {isa = PBXFileReference; fileEncoding = 4; lastKnownFileType = sourcecode.swift; path = HomeEntity.swift; sourceTree = "<group>"; };
		615B4D70EF98C72930D20AFA /* UIStackView+ext.swift */ = {isa = PBXFileReference; fileEncoding = 4; lastKnownFileType = sourcecode.swift; path = "UIStackView+ext.swift"; sourceTree = "<group>"; };
		615B4FC62E1EB96A822CC51A /* HomeInteractor.swift */ = {isa = PBXFileReference; fileEncoding = 4; lastKnownFileType = sourcecode.swift; path = HomeInteractor.swift; sourceTree = "<group>"; };
		A66DF8FEF1B5A7B2AA2FCB42 /* Pods-Stock.release.xcconfig */ = {isa = PBXFileReference; includeInIndex = 1; lastKnownFileType = text.xcconfig; name = "Pods-Stock.release.xcconfig"; path = "Target Support Files/Pods-Stock/Pods-Stock.release.xcconfig"; sourceTree = "<group>"; };
		C2660EEB2887143F00D8EA16 /* Stock.app */ = {isa = PBXFileReference; explicitFileType = wrapper.application; includeInIndex = 0; path = Stock.app; sourceTree = BUILT_PRODUCTS_DIR; };
		C2660EEE2887143F00D8EA16 /* AppDelegate.swift */ = {isa = PBXFileReference; lastKnownFileType = sourcecode.swift; path = AppDelegate.swift; sourceTree = "<group>"; };
		C2660EF02887143F00D8EA16 /* SceneDelegate.swift */ = {isa = PBXFileReference; lastKnownFileType = sourcecode.swift; path = SceneDelegate.swift; sourceTree = "<group>"; };
		C2660EF22887143F00D8EA16 /* ViewController.swift */ = {isa = PBXFileReference; lastKnownFileType = sourcecode.swift; path = ViewController.swift; sourceTree = "<group>"; };
		C2660EFA2887144100D8EA16 /* Assets.xcassets */ = {isa = PBXFileReference; lastKnownFileType = folder.assetcatalog; path = Assets.xcassets; sourceTree = "<group>"; };
		C2660EFF2887144100D8EA16 /* Info.plist */ = {isa = PBXFileReference; lastKnownFileType = text.plist.xml; path = Info.plist; sourceTree = "<group>"; };
		C2660F09288715C400D8EA16 /* Stock-Bridging-Header.h */ = {isa = PBXFileReference; lastKnownFileType = sourcecode.c.h; name = "Stock-Bridging-Header.h"; path = "Stock/Supporting Files/Stock-Bridging-Header.h"; sourceTree = SOURCE_ROOT; };
		C2FE87D0288945FF0032E3B7 /* R.generated.swift */ = {isa = PBXFileReference; fileEncoding = 4; lastKnownFileType = sourcecode.swift; path = R.generated.swift; sourceTree = SOURCE_ROOT; };
		C47552D34E845DBB859096A2 /* Pods-Stock.debug.xcconfig */ = {isa = PBXFileReference; includeInIndex = 1; lastKnownFileType = text.xcconfig; name = "Pods-Stock.debug.xcconfig"; path = "Target Support Files/Pods-Stock/Pods-Stock.debug.xcconfig"; sourceTree = "<group>"; };
		F884302C4CF99874B7452476 /* NetworkEndPointProtocol.swift */ = {isa = PBXFileReference; fileEncoding = 4; lastKnownFileType = sourcecode.swift; path = NetworkEndPointProtocol.swift; sourceTree = "<group>"; };
		F88430682F683C23378B85F8 /* Repository.swift */ = {isa = PBXFileReference; fileEncoding = 4; lastKnownFileType = sourcecode.swift; path = Repository.swift; sourceTree = "<group>"; };
		F88430683185D6876937DD81 /* FavoritesContract.swift */ = {isa = PBXFileReference; fileEncoding = 4; lastKnownFileType = sourcecode.swift; path = FavoritesContract.swift; sourceTree = "<group>"; };
		F88430ACDAA47DBB2A8E7945 /* Options.swift */ = {isa = PBXFileReference; fileEncoding = 4; lastKnownFileType = sourcecode.swift; path = Options.swift; sourceTree = "<group>"; };
		F8843160C5F4EDBC9468D471 /* SearchRouter.swift */ = {isa = PBXFileReference; fileEncoding = 4; lastKnownFileType = sourcecode.swift; path = SearchRouter.swift; sourceTree = "<group>"; };
		F88431CAFAC394A88AD1C9EA /* NetworkRouterProtocol.swift */ = {isa = PBXFileReference; fileEncoding = 4; lastKnownFileType = sourcecode.swift; path = NetworkRouterProtocol.swift; sourceTree = "<group>"; };
		F88432D130EA95E6B3D74B0E /* ApplicationCoordinator.swift */ = {isa = PBXFileReference; fileEncoding = 4; lastKnownFileType = sourcecode.swift; path = ApplicationCoordinator.swift; sourceTree = "<group>"; };
		F88433D5E0A73B3472D3BB8E /* FavoritesRouter.swift */ = {isa = PBXFileReference; fileEncoding = 4; lastKnownFileType = sourcecode.swift; path = FavoritesRouter.swift; sourceTree = "<group>"; };
		F88434148F6CD5A7ABC515C3 /* SearchProtocols.swift */ = {isa = PBXFileReference; fileEncoding = 4; lastKnownFileType = sourcecode.swift; path = SearchProtocols.swift; sourceTree = "<group>"; };
		F884342DF625FDB0E767551A /* CoordinatorFactory.swift */ = {isa = PBXFileReference; fileEncoding = 4; lastKnownFileType = sourcecode.swift; path = CoordinatorFactory.swift; sourceTree = "<group>"; };
		F88434D105BDCC63B3081844 /* StocksEndPoint.swift */ = {isa = PBXFileReference; fileEncoding = 4; lastKnownFileType = sourcecode.swift; path = StocksEndPoint.swift; sourceTree = "<group>"; };
		F884372841A6FBEBFE2757D5 /* UILabel+ext.swift */ = {isa = PBXFileReference; fileEncoding = 4; lastKnownFileType = sourcecode.swift; path = "UILabel+ext.swift"; sourceTree = "<group>"; };
		F884375788683BE022BA3731 /* Router.swift */ = {isa = PBXFileReference; fileEncoding = 4; lastKnownFileType = sourcecode.swift; path = Router.swift; sourceTree = "<group>"; };
		F8843790CB87FABEACD1C679 /* DataRepository.swift */ = {isa = PBXFileReference; fileEncoding = 4; lastKnownFileType = sourcecode.swift; path = DataRepository.swift; sourceTree = "<group>"; };
		F8843799106ECE74E53143C9 /* LaunchScreen.storyboard */ = {isa = PBXFileReference; lastKnownFileType = file.storyboard; path = LaunchScreen.storyboard; sourceTree = "<group>"; };
		F88437A9014083967D54A2E1 /* HTTPMethod.swift */ = {isa = PBXFileReference; fileEncoding = 4; lastKnownFileType = sourcecode.swift; path = HTTPMethod.swift; sourceTree = "<group>"; };
		F884382BAA3C541D8DFD64D9 /* MarketIndexCell.swift */ = {isa = PBXFileReference; fileEncoding = 4; lastKnownFileType = sourcecode.swift; path = MarketIndexCell.swift; sourceTree = "<group>"; };
		F88438B15773A9D086ED030E /* FavoritesPresenter.swift */ = {isa = PBXFileReference; fileEncoding = 4; lastKnownFileType = sourcecode.swift; path = FavoritesPresenter.swift; sourceTree = "<group>"; };
		F88438CD4823376BE2911621 /* DeepLinkOption.swift */ = {isa = PBXFileReference; fileEncoding = 4; lastKnownFileType = sourcecode.swift; path = DeepLinkOption.swift; sourceTree = "<group>"; };
		F88439DA3B614FB4B6AA3F1D /* Type.swift */ = {isa = PBXFileReference; fileEncoding = 4; lastKnownFileType = sourcecode.swift; path = Type.swift; sourceTree = "<group>"; };
		F88439ED47B47101039E282E /* BaseCoordinator.swift */ = {isa = PBXFileReference; fileEncoding = 4; lastKnownFileType = sourcecode.swift; path = BaseCoordinator.swift; sourceTree = "<group>"; };
		F8843A7500023E0CA4E23B9E /* Coordinator.swift */ = {isa = PBXFileReference; fileEncoding = 4; lastKnownFileType = sourcecode.swift; path = Coordinator.swift; sourceTree = "<group>"; };
		F8843AD77598D8285EFE9D4A /* SearchInteractor.swift */ = {isa = PBXFileReference; fileEncoding = 4; lastKnownFileType = sourcecode.swift; path = SearchInteractor.swift; sourceTree = "<group>"; };
		F8843B76969CFACEDDDD7C12 /* SearchPresenter.swift */ = {isa = PBXFileReference; fileEncoding = 4; lastKnownFileType = sourcecode.swift; path = SearchPresenter.swift; sourceTree = "<group>"; };
		F8843B9B8EDBE2509E482F92 /* FavoritesViewController.swift */ = {isa = PBXFileReference; fileEncoding = 4; lastKnownFileType = sourcecode.swift; path = FavoritesViewController.swift; sourceTree = "<group>"; };
		F8843BA0F3B316790EE0D072 /* NetworkRouter.swift */ = {isa = PBXFileReference; fileEncoding = 4; lastKnownFileType = sourcecode.swift; path = NetworkRouter.swift; sourceTree = "<group>"; };
		F8843BB7272280849571B820 /* HomeCoordinator.swift */ = {isa = PBXFileReference; fileEncoding = 4; lastKnownFileType = sourcecode.swift; path = HomeCoordinator.swift; sourceTree = "<group>"; };
		F8843BFF10BE1F6A77000833 /* Stock.xcdatamodel */ = {isa = PBXFileReference; lastKnownFileType = wrapper.xcdatamodel; path = Stock.xcdatamodel; sourceTree = "<group>"; };
		F8843D93AC7E51FABC98BC6B /* RouterProtocol.swift */ = {isa = PBXFileReference; fileEncoding = 4; lastKnownFileType = sourcecode.swift; path = RouterProtocol.swift; sourceTree = "<group>"; };
		F8843DD6D6BC4BF5D4BD2816 /* Presentable.swift */ = {isa = PBXFileReference; fileEncoding = 4; lastKnownFileType = sourcecode.swift; path = Presentable.swift; sourceTree = "<group>"; };
		F8843E41EAFD2FE88EAE653B /* Main.storyboard */ = {isa = PBXFileReference; lastKnownFileType = file.storyboard; path = Main.storyboard; sourceTree = "<group>"; };
		F8843E79C90B3F9837E722B2 /* FavoritesInteractor.swift */ = {isa = PBXFileReference; fileEncoding = 4; lastKnownFileType = sourcecode.swift; path = FavoritesInteractor.swift; sourceTree = "<group>"; };
		F8843EAEB8D4A96EC4C06A01 /* NetworkManager.swift */ = {isa = PBXFileReference; fileEncoding = 4; lastKnownFileType = sourcecode.swift; path = NetworkManager.swift; sourceTree = "<group>"; };
		F8843FAC42ACCB047EBA873C /* SearchViewController.swift */ = {isa = PBXFileReference; fileEncoding = 4; lastKnownFileType = sourcecode.swift; path = SearchViewController.swift; sourceTree = "<group>"; };
		F8843FCF28EB2B0152F88B71 /* ViewControllerFactory.swift */ = {isa = PBXFileReference; fileEncoding = 4; lastKnownFileType = sourcecode.swift; path = ViewControllerFactory.swift; sourceTree = "<group>"; };
/* End PBXFileReference section */

/* Begin PBXFrameworksBuildPhase section */
		C2660EE82887143F00D8EA16 /* Frameworks */ = {
			isa = PBXFrameworksBuildPhase;
			buildActionMask = 2147483647;
			files = (
				8DDCF637E95194AFF04DE306 /* Pods_Stock.framework in Frameworks */,
			);
			runOnlyForDeploymentPostprocessing = 0;
		};
/* End PBXFrameworksBuildPhase section */

/* Begin PBXGroup section */
		04EC03E43ED929EE57A2ECD4 /* Frameworks */ = {
			isa = PBXGroup;
			children = (
				4BDA12EF28C984F43E4F3F2C /* Pods_Stock.framework */,
			);
			name = Frameworks;
			sourceTree = "<group>";
		};
		05078D1C2888032A002C6223 /* Resources */ = {
			isa = PBXGroup;
			children = (
				C2FE87D0288945FF0032E3B7 /* R.generated.swift */,
				C2660EFA2887144100D8EA16 /* Assets.xcassets */,
				F8843799106ECE74E53143C9 /* LaunchScreen.storyboard */,
				F8843E41EAFD2FE88EAE653B /* Main.storyboard */,
			);
			path = Resources;
			sourceTree = "<group>";
		};
		05B466DC288E98050094940F /* Playgrounds */ = {
			isa = PBXGroup;
			children = (
				05B466DD288E985D0094940F /* testRxSwift.playground */,
			);
			path = Playgrounds;
			sourceTree = "<group>";
		};
		173267D272348BF581DC2077 /* Pods */ = {
			isa = PBXGroup;
			children = (
				C47552D34E845DBB859096A2 /* Pods-Stock.debug.xcconfig */,
				A66DF8FEF1B5A7B2AA2FCB42 /* Pods-Stock.release.xcconfig */,
			);
			path = Pods;
			sourceTree = "<group>";
		};
		615B401C63712C4CECAAD4E7 /* Protocols */ = {
			isa = PBXGroup;
			children = (
				615B4A2E8E5BA7551661FB8A /* HomeProtocols.swift */,
			);
			path = Protocols;
			sourceTree = "<group>";
		};
		615B4020A202A8E361D4BF0C /* HomeRouter */ = {
			isa = PBXGroup;
			children = (
				615B46915B7F0C0B5865EECA /* HomeRouter.swift */,
			);
			path = HomeRouter;
			sourceTree = "<group>";
		};
		615B40F49B8C12EB9AD58FB1 /* TableView */ = {
			isa = PBXGroup;
			children = (
				615B4687F0B80B6DB46D3676 /* TableView.swift */,
			);
			path = TableView;
			sourceTree = "<group>";
		};
		615B416CA7D476B5174B7FB3 /* CollectionView */ = {
			isa = PBXGroup;
			children = (
				615B45B56E11F7D58D6A4151 /* CollectionView.swift */,
			);
			path = CollectionView;
			sourceTree = "<group>";
		};
		615B43147D5B670BD4BF6E4A /* Extensions */ = {
			isa = PBXGroup;
			children = (
				615B4D70EF98C72930D20AFA /* UIStackView+ext.swift */,
				F884372841A6FBEBFE2757D5 /* UILabel+ext.swift */,
			);
			path = Extensions;
			sourceTree = "<group>";
		};
		615B4366ED093C3E021CC743 /* HomeInteractor */ = {
			isa = PBXGroup;
			children = (
				615B4FC62E1EB96A822CC51A /* HomeInteractor.swift */,
			);
			path = HomeInteractor;
			sourceTree = "<group>";
		};
		615B4400339B3902886516B9 /* HomePresenter */ = {
			isa = PBXGroup;
			children = (
				615B48310B5CB5EA21F8B18A /* HomePresenter.swift */,
			);
			path = HomePresenter;
			sourceTree = "<group>";
		};
		615B494B8E6CDF6C81602504 /* HomeView */ = {
			isa = PBXGroup;
			children = (
				615B453775827B917CC1D631 /* HomeViewController.swift */,
				F884341779371E03206AD1AB /* CollectionViewCell */,
			);
			path = HomeView;
			sourceTree = "<group>";
		};
		615B4A78401D0046559AC92D /* Common */ = {
			isa = PBXGroup;
			children = (
				615B416CA7D476B5174B7FB3 /* CollectionView */,
				615B40F49B8C12EB9AD58FB1 /* TableView */,
			);
			path = Common;
			sourceTree = "<group>";
		};
		615B4F71576EBD98EF930A94 /* HomeEntity */ = {
			isa = PBXGroup;
			children = (
				615B4BEBFE6ED9CBE7484DA1 /* HomeEntity.swift */,
			);
			path = HomeEntity;
			sourceTree = "<group>";
		};
		C2660EE22887143F00D8EA16 = {
			isa = PBXGroup;
			children = (
				C2660EED2887143F00D8EA16 /* Stock */,
				C2660EEC2887143F00D8EA16 /* Products */,
				173267D272348BF581DC2077 /* Pods */,
				04EC03E43ED929EE57A2ECD4 /* Frameworks */,
			);
			sourceTree = "<group>";
		};
		C2660EEC2887143F00D8EA16 /* Products */ = {
			isa = PBXGroup;
			children = (
				C2660EEB2887143F00D8EA16 /* Stock.app */,
			);
			name = Products;
			sourceTree = "<group>";
		};
		C2660EED2887143F00D8EA16 /* Stock */ = {
			isa = PBXGroup;
			children = (
				05B466DC288E98050094940F /* Playgrounds */,
				05078D1C2888032A002C6223 /* Resources */,
				C2A9961428874AF600E34139 /* Scenes */,
				C2660F062887145200D8EA16 /* Application */,
				C2660F052887144800D8EA16 /* Supporting Files */,
				C2660EF22887143F00D8EA16 /* ViewController.swift */,
				615B43147D5B670BD4BF6E4A /* Extensions */,
				615B4A78401D0046559AC92D /* Common */,
				F8843FDA1BD2FB23CB6C1918 /* Coordinator */,
				F8843FF51E9B2E992ED5FD93 /* DataMappingLayer */,
			);
			path = Stock;
			sourceTree = "<group>";
		};
		C2660F052887144800D8EA16 /* Supporting Files */ = {
			isa = PBXGroup;
			children = (
				C2660EFF2887144100D8EA16 /* Info.plist */,
				C2660F09288715C400D8EA16 /* Stock-Bridging-Header.h */,
			);
			path = "Supporting Files";
			sourceTree = "<group>";
		};
		C2660F062887145200D8EA16 /* Application */ = {
			isa = PBXGroup;
			children = (
				C2660EF02887143F00D8EA16 /* SceneDelegate.swift */,
				C2660EEE2887143F00D8EA16 /* AppDelegate.swift */,
			);
			path = Application;
			sourceTree = "<group>";
		};
		C2884B4B28874BF40010E55E /* Home */ = {
			isa = PBXGroup;
			children = (
				615B4366ED093C3E021CC743 /* HomeInteractor */,
				615B494B8E6CDF6C81602504 /* HomeView */,
				615B4F71576EBD98EF930A94 /* HomeEntity */,
				615B4400339B3902886516B9 /* HomePresenter */,
				615B4020A202A8E361D4BF0C /* HomeRouter */,
				615B401C63712C4CECAAD4E7 /* Protocols */,
				F88431AC7C1DE003AE7F8412 /* HomeAssembly */,
			);
			path = Home;
			sourceTree = "<group>";
		};
		C2884B5628874C1A0010E55E /* Favorites */ = {
			isa = PBXGroup;
			children = (
				F88433007562DCE9453C465B /* FavoritesInteractor */,
				F8843FF3E18C9E7ED7C74110 /* FavoritesPresenter */,
				F88437A5EA1204054DCE90AD /* FavoritesRouter */,
				F884306F930DFC50079C5D6A /* FavoritesView */,
				F8843BEA1E23F6ABE769EC5E /* Protocols */,
			);
			path = Favorites;
			sourceTree = "<group>";
		};
		C2884B6128874C3C0010E55E /* Search */ = {
			isa = PBXGroup;
			children = (
				F88436F7A1FC70E6C55EB7D8 /* SearchInteractor */,
				F8843D60A8567F2E6E9AF729 /* SearchPresenter */,
				F8843E1F095758C0D5C12F81 /* Protocols */,
				F884340ABC0CBCA104801868 /* SearchRouter */,
				F8843B3C804487DF2291F80E /* SearchView */,
			);
			path = Search;
			sourceTree = "<group>";
		};
		C2A9961428874AF600E34139 /* Scenes */ = {
			isa = PBXGroup;
			children = (
				C2884B6128874C3C0010E55E /* Search */,
				C2884B5628874C1A0010E55E /* Favorites */,
				C2884B4B28874BF40010E55E /* Home */,
			);
			path = Scenes;
			sourceTree = "<group>";
		};
		F884306F930DFC50079C5D6A /* FavoritesView */ = {
			isa = PBXGroup;
			children = (
				F8843B9B8EDBE2509E482F92 /* FavoritesViewController.swift */,
			);
			path = FavoritesView;
			sourceTree = "<group>";
		};
		F88430D67410748B956DED83 /* PersistentContainer */ = {
			isa = PBXGroup;
			children = (
				F8843B17082BB3D1F55F0870 /* CoreData */,
			);
			path = PersistentContainer;
			sourceTree = "<group>";
		};
		F88431AC7C1DE003AE7F8412 /* HomeAssembly */ = {
			isa = PBXGroup;
			children = (
			);
			path = HomeAssembly;
			sourceTree = "<group>";
		};
		F884323ECC5E8391581D715E /* NetworkRouter */ = {
			isa = PBXGroup;
			children = (
				F88431CAFAC394A88AD1C9EA /* NetworkRouterProtocol.swift */,
				F8843BA0F3B316790EE0D072 /* NetworkRouter.swift */,
			);
			path = NetworkRouter;
			sourceTree = "<group>";
		};
		F88433007562DCE9453C465B /* FavoritesInteractor */ = {
			isa = PBXGroup;
			children = (
				F8843E79C90B3F9837E722B2 /* FavoritesInteractor.swift */,
			);
			path = FavoritesInteractor;
			sourceTree = "<group>";
		};
		F88433C185701AFFE23F22C7 /* Base */ = {
			isa = PBXGroup;
			children = (
				F88439ED47B47101039E282E /* BaseCoordinator.swift */,
			);
			path = Base;
			sourceTree = "<group>";
		};
		F88433C58290D34CE0FCA36A /* QueryParameters */ = {
			isa = PBXGroup;
			children = (
				F88430ACDAA47DBB2A8E7945 /* Options.swift */,
			);
			path = QueryParameters;
			sourceTree = "<group>";
		};
		F88433D0D99CCC38507B8FC9 /* Protocols */ = {
			isa = PBXGroup;
			children = (
				F88430682F683C23378B85F8 /* Repository.swift */,
			);
			path = Protocols;
			sourceTree = "<group>";
		};
		F884340ABC0CBCA104801868 /* SearchRouter */ = {
			isa = PBXGroup;
			children = (
				F8843160C5F4EDBC9468D471 /* SearchRouter.swift */,
			);
			path = SearchRouter;
			sourceTree = "<group>";
		};
		F884341779371E03206AD1AB /* CollectionViewCell */ = {
			isa = PBXGroup;
			children = (
				F884382BAA3C541D8DFD64D9 /* MarketIndexCell.swift */,
			);
			path = CollectionViewCell;
			sourceTree = "<group>";
		};
		F884354D775735CC8AAC385F /* BaseCoordinator */ = {
			isa = PBXGroup;
			children = (
				F88433C185701AFFE23F22C7 /* Base */,
				F884358E555C5DA80D96FDE7 /* Enums */,
				F8843B8133DAFC0202AD08F1 /* Factories */,
				F88437CA5E9124394F28FC30 /* Protocols */,
				F8843C3FE9837DDC4933F001 /* Router */,
			);
			path = BaseCoordinator;
			sourceTree = "<group>";
		};
		F884358E555C5DA80D96FDE7 /* Enums */ = {
			isa = PBXGroup;
			children = (
				F88438CD4823376BE2911621 /* DeepLinkOption.swift */,
			);
			path = Enums;
			sourceTree = "<group>";
		};
		F88436F33E2CF1A38D34DB41 /* Network */ = {
			isa = PBXGroup;
			children = (
				F8843BFD1451A5C9465ECC09 /* Manager */,
				F8843F5E4C9CC05DFA82B0CF /* Service */,
			);
			path = Network;
			sourceTree = "<group>";
		};
		F88436F7A1FC70E6C55EB7D8 /* SearchInteractor */ = {
			isa = PBXGroup;
			children = (
				F8843AD77598D8285EFE9D4A /* SearchInteractor.swift */,
			);
			path = SearchInteractor;
			sourceTree = "<group>";
		};
		F88437A5EA1204054DCE90AD /* FavoritesRouter */ = {
			isa = PBXGroup;
			children = (
				F88433D5E0A73B3472D3BB8E /* FavoritesRouter.swift */,
			);
			path = FavoritesRouter;
			sourceTree = "<group>";
		};
		F88437CA5E9124394F28FC30 /* Protocols */ = {
			isa = PBXGroup;
			children = (
				F8843A7500023E0CA4E23B9E /* Coordinator.swift */,
				F8843DD6D6BC4BF5D4BD2816 /* Presentable.swift */,
			);
			path = Protocols;
			sourceTree = "<group>";
		};
		F88437DCC6AFF37FCA1B4C58 /* Repository */ = {
			isa = PBXGroup;
			children = (
				F8843790CB87FABEACD1C679 /* DataRepository.swift */,
				F88433D0D99CCC38507B8FC9 /* Protocols */,
			);
			path = Repository;
			sourceTree = "<group>";
		};
		F88438D8EE2AE3ACC2132FB6 /* Coordinators */ = {
			isa = PBXGroup;
			children = (
				F88432D130EA95E6B3D74B0E /* ApplicationCoordinator.swift */,
				F8843BB7272280849571B820 /* HomeCoordinator.swift */,
			);
			path = Coordinators;
			sourceTree = "<group>";
		};
		F8843B17082BB3D1F55F0870 /* CoreData */ = {
			isa = PBXGroup;
			children = (
				F8843AC9DE96094366842C3E /* Stock.xcdatamodeld */,
			);
			path = CoreData;
			sourceTree = "<group>";
		};
		F8843B3C804487DF2291F80E /* SearchView */ = {
			isa = PBXGroup;
			children = (
				F8843FAC42ACCB047EBA873C /* SearchViewController.swift */,
			);
			path = SearchView;
			sourceTree = "<group>";
		};
		F8843B7A43977CEA599C17DF /* HTTPMethod */ = {
			isa = PBXGroup;
			children = (
				F88437A9014083967D54A2E1 /* HTTPMethod.swift */,
			);
			path = HTTPMethod;
			sourceTree = "<group>";
		};
		F8843B8133DAFC0202AD08F1 /* Factories */ = {
			isa = PBXGroup;
			children = (
				F884342DF625FDB0E767551A /* CoordinatorFactory.swift */,
				F8843FCF28EB2B0152F88B71 /* ViewControllerFactory.swift */,
			);
			path = Factories;
			sourceTree = "<group>";
		};
		F8843BEA1E23F6ABE769EC5E /* Protocols */ = {
			isa = PBXGroup;
			children = (
				F88430683185D6876937DD81 /* FavoritesContract.swift */,
			);
			path = Protocols;
			sourceTree = "<group>";
		};
		F8843BFD1451A5C9465ECC09 /* Manager */ = {
			isa = PBXGroup;
			children = (
				F8843EAEB8D4A96EC4C06A01 /* NetworkManager.swift */,
			);
			path = Manager;
			sourceTree = "<group>";
		};
		F8843C3FE9837DDC4933F001 /* Router */ = {
			isa = PBXGroup;
			children = (
				F884375788683BE022BA3731 /* Router.swift */,
				F8843D93AC7E51FABC98BC6B /* RouterProtocol.swift */,
			);
			path = Router;
			sourceTree = "<group>";
		};
		F8843D60A8567F2E6E9AF729 /* SearchPresenter */ = {
			isa = PBXGroup;
			children = (
				F8843B76969CFACEDDDD7C12 /* SearchPresenter.swift */,
			);
			path = SearchPresenter;
			sourceTree = "<group>";
		};
		F8843E1F095758C0D5C12F81 /* Protocols */ = {
			isa = PBXGroup;
			children = (
				F88434148F6CD5A7ABC515C3 /* SearchProtocols.swift */,
			);
			path = Protocols;
			sourceTree = "<group>";
		};
		F8843E36C5E48BAAC3DBF165 /* EndPoint */ = {
			isa = PBXGroup;
			children = (
				F884302C4CF99874B7452476 /* NetworkEndPointProtocol.swift */,
				F88434D105BDCC63B3081844 /* StocksEndPoint.swift */,
			);
			path = EndPoint;
			sourceTree = "<group>";
		};
		F8843EA5D18555E85A3CAC5F /* Type */ = {
			isa = PBXGroup;
			children = (
				F88439DA3B614FB4B6AA3F1D /* Type.swift */,
			);
			path = Type;
			sourceTree = "<group>";
		};
		F8843F5E4C9CC05DFA82B0CF /* Service */ = {
			isa = PBXGroup;
			children = (
				F884323ECC5E8391581D715E /* NetworkRouter */,
				F8843EA5D18555E85A3CAC5F /* Type */,
				F8843B7A43977CEA599C17DF /* HTTPMethod */,
				F8843E36C5E48BAAC3DBF165 /* EndPoint */,
				F88433C58290D34CE0FCA36A /* QueryParameters */,
			);
			path = Service;
			sourceTree = "<group>";
		};
		F8843FDA1BD2FB23CB6C1918 /* Coordinator */ = {
			isa = PBXGroup;
			children = (
				F884354D775735CC8AAC385F /* BaseCoordinator */,
				F88438D8EE2AE3ACC2132FB6 /* Coordinators */,
			);
			path = Coordinator;
			sourceTree = "<group>";
		};
		F8843FF3E18C9E7ED7C74110 /* FavoritesPresenter */ = {
			isa = PBXGroup;
			children = (
				F88438B15773A9D086ED030E /* FavoritesPresenter.swift */,
			);
			path = FavoritesPresenter;
			sourceTree = "<group>";
		};
		F8843FF51E9B2E992ED5FD93 /* DataMappingLayer */ = {
			isa = PBXGroup;
			children = (
				F88436F33E2CF1A38D34DB41 /* Network */,
				F88430D67410748B956DED83 /* PersistentContainer */,
				F88437DCC6AFF37FCA1B4C58 /* Repository */,
			);
			path = DataMappingLayer;
			sourceTree = "<group>";
		};
/* End PBXGroup section */

/* Begin PBXNativeTarget section */
		C2660EEA2887143F00D8EA16 /* Stock */ = {
			isa = PBXNativeTarget;
			buildConfigurationList = C2660F022887144100D8EA16 /* Build configuration list for PBXNativeTarget "Stock" */;
			buildPhases = (
				5AF2B992A73546AD26AC2961 /* [CP] Check Pods Manifest.lock */,
				05078D1B28880079002C6223 /* ShellScript */,
				C2660EE72887143F00D8EA16 /* Sources */,
				C2660EE82887143F00D8EA16 /* Frameworks */,
				C2660EE92887143F00D8EA16 /* Resources */,
				59BB781BB1A321B20BFE628D /* [CP] Embed Pods Frameworks */,
			);
			buildRules = (
			);
			dependencies = (
			);
			name = Stock;
			productName = Stock;
			productReference = C2660EEB2887143F00D8EA16 /* Stock.app */;
			productType = "com.apple.product-type.application";
		};
/* End PBXNativeTarget section */

/* Begin PBXProject section */
		C2660EE32887143F00D8EA16 /* Project object */ = {
			isa = PBXProject;
			attributes = {
				BuildIndependentTargetsInParallel = 1;
				LastSwiftUpdateCheck = 1340;
				LastUpgradeCheck = 1340;
				TargetAttributes = {
					C2660EEA2887143F00D8EA16 = {
						CreatedOnToolsVersion = 13.4.1;
					};
				};
			};
			buildConfigurationList = C2660EE62887143F00D8EA16 /* Build configuration list for PBXProject "Stock" */;
			compatibilityVersion = "Xcode 13.0";
			developmentRegion = en;
			hasScannedForEncodings = 0;
			knownRegions = (
				en,
				Base,
			);
			mainGroup = C2660EE22887143F00D8EA16;
			productRefGroup = C2660EEC2887143F00D8EA16 /* Products */;
			projectDirPath = "";
			projectRoot = "";
			targets = (
				C2660EEA2887143F00D8EA16 /* Stock */,
			);
		};
/* End PBXProject section */

/* Begin PBXResourcesBuildPhase section */
		C2660EE92887143F00D8EA16 /* Resources */ = {
			isa = PBXResourcesBuildPhase;
			buildActionMask = 2147483647;
			files = (
				C2660EFB2887144100D8EA16 /* Assets.xcassets in Resources */,
				F88431A16C12CFC29E45A090 /* LaunchScreen.storyboard in Resources */,
				F8843EA82277262F06E35A65 /* Main.storyboard in Resources */,
			);
			runOnlyForDeploymentPostprocessing = 0;
		};
/* End PBXResourcesBuildPhase section */

/* Begin PBXShellScriptBuildPhase section */
		05078D1B28880079002C6223 /* ShellScript */ = {
			isa = PBXShellScriptBuildPhase;
			alwaysOutOfDate = 1;
			buildActionMask = 2147483647;
			files = (
			);
			inputFileListPaths = (
			);
			inputPaths = (
			);
			outputFileListPaths = (
			);
			outputPaths = (
				$SRCROOT/R.generated.swift,
			);
			runOnlyForDeploymentPostprocessing = 0;
			shellPath = /bin/sh;
			shellScript = "\"$PODS_ROOT/R.swift/rswift\" generate \"$SRCROOT/R.generated.swift\"\n";
		};
		59BB781BB1A321B20BFE628D /* [CP] Embed Pods Frameworks */ = {
			isa = PBXShellScriptBuildPhase;
			buildActionMask = 2147483647;
			files = (
			);
			inputFileListPaths = (
				"${PODS_ROOT}/Target Support Files/Pods-Stock/Pods-Stock-frameworks-${CONFIGURATION}-input-files.xcfilelist",
			);
			name = "[CP] Embed Pods Frameworks";
			outputFileListPaths = (
				"${PODS_ROOT}/Target Support Files/Pods-Stock/Pods-Stock-frameworks-${CONFIGURATION}-output-files.xcfilelist",
			);
			runOnlyForDeploymentPostprocessing = 0;
			shellPath = /bin/sh;
			shellScript = "\"${PODS_ROOT}/Target Support Files/Pods-Stock/Pods-Stock-frameworks.sh\"\n";
			showEnvVarsInLog = 0;
		};
		5AF2B992A73546AD26AC2961 /* [CP] Check Pods Manifest.lock */ = {
			isa = PBXShellScriptBuildPhase;
			buildActionMask = 2147483647;
			files = (
			);
			inputFileListPaths = (
			);
			inputPaths = (
				"${PODS_PODFILE_DIR_PATH}/Podfile.lock",
				"${PODS_ROOT}/Manifest.lock",
			);
			name = "[CP] Check Pods Manifest.lock";
			outputFileListPaths = (
			);
			outputPaths = (
				"$(DERIVED_FILE_DIR)/Pods-Stock-checkManifestLockResult.txt",
			);
			runOnlyForDeploymentPostprocessing = 0;
			shellPath = /bin/sh;
			shellScript = "diff \"${PODS_PODFILE_DIR_PATH}/Podfile.lock\" \"${PODS_ROOT}/Manifest.lock\" > /dev/null\nif [ $? != 0 ] ; then\n    # print error to STDERR\n    echo \"error: The sandbox is not in sync with the Podfile.lock. Run 'pod install' or update your CocoaPods installation.\" >&2\n    exit 1\nfi\n# This output is used by Xcode 'outputs' to avoid re-running this script phase.\necho \"SUCCESS\" > \"${SCRIPT_OUTPUT_FILE_0}\"\n";
			showEnvVarsInLog = 0;
		};
/* End PBXShellScriptBuildPhase section */

/* Begin PBXSourcesBuildPhase section */
		C2660EE72887143F00D8EA16 /* Sources */ = {
			isa = PBXSourcesBuildPhase;
			buildActionMask = 2147483647;
			files = (
				C2660EF32887143F00D8EA16 /* ViewController.swift in Sources */,
				C2660EEF2887143F00D8EA16 /* AppDelegate.swift in Sources */,
				C2FE87D1288945FF0032E3B7 /* R.generated.swift in Sources */,
				C2660EF12887143F00D8EA16 /* SceneDelegate.swift in Sources */,
				615B4427DCE5CBEF874CD747 /* UIStackView+ext.swift in Sources */,
				615B425937BE1B75E52980DD /* HomeInteractor.swift in Sources */,
				615B4551C8784C61A8A8CCDE /* HomeViewController.swift in Sources */,
				615B4986E740C3F2C65D57E3 /* HomeEntity.swift in Sources */,
				615B43798AB811DD96C9AE9E /* HomePresenter.swift in Sources */,
				615B4A0AD28AD4CB87345794 /* HomeRouter.swift in Sources */,
				615B4216C09879397E7CDA04 /* HomeProtocols.swift in Sources */,
				615B48F3173DEC6047B139BF /* CollectionView.swift in Sources */,
				615B482DCC1AE0FD1422905F /* TableView.swift in Sources */,
				F88439182B7F792748B892AA /* SearchProtocols.swift in Sources */,
				F884362270E62C098B3D1FD4 /* SearchPresenter.swift in Sources */,
				F884357A20FC20A8DCE89568 /* SearchInteractor.swift in Sources */,
				F8843A8B965CC99A8419FA39 /* SearchRouter.swift in Sources */,
				F8843EA6CEDED50716EC5B45 /* SearchViewController.swift in Sources */,
				F88437EAFFED29D15A672704 /* FavoritesViewController.swift in Sources */,
				F8843CD46A113636AE67CC8A /* FavoritesRouter.swift in Sources */,
				F8843A596575F22B6F021A95 /* FavoritesInteractor.swift in Sources */,
				F8843A9A6AD9494E1AFB8F17 /* FavoritesPresenter.swift in Sources */,
				F88431ED3A29C87F0CB28FB8 /* FavoritesContract.swift in Sources */,
				F8843D70B2ACCE0ABD7205FB /* MarketIndexCell.swift in Sources */,
				F8843635FEE445FB3742CC3F /* UILabel+ext.swift in Sources */,
				F88436ADC5AAC1D87C30BAD9 /* BaseCoordinator.swift in Sources */,
				F8843B435BEEF64986746911 /* DeepLinkOption.swift in Sources */,
				F8843785870C02C5B4F8454B /* CoordinatorFactory.swift in Sources */,
				F884382BFDD754FBDBD39617 /* ViewControllerFactory.swift in Sources */,
				F884300B10F16A82FE24AC1E /* Coordinator.swift in Sources */,
				F8843E25EA6AE36A4CEA6C86 /* Presentable.swift in Sources */,
				F88431D8560BC55A879E79D8 /* Router.swift in Sources */,
				F884376BD199BB077FA8EBFA /* RouterProtocol.swift in Sources */,
				F8843BB7519B3EECAA03A8D0 /* ApplicationCoordinator.swift in Sources */,
				F8843D923855959484E04F50 /* HomeCoordinator.swift in Sources */,
				F88430658FA48EADD77A5530 /* Stock.xcdatamodeld in Sources */,
				F884388A2B320911EA416125 /* DataRepository.swift in Sources */,
				F8843E5EA3F744E3325D36DB /* Repository.swift in Sources */,
				F88435AA95940B3ED425B795 /* NetworkManager.swift in Sources */,
				F884335AC1C4E0A2F5B67EF0 /* NetworkRouterProtocol.swift in Sources */,
				F8843FFAEC627E8303046FD8 /* NetworkRouter.swift in Sources */,
				F8843614917D8F5749B15C39 /* Type.swift in Sources */,
				F8843449750A40323527EAC2 /* HTTPMethod.swift in Sources */,
				F88430C14B70AA3C5F7974A5 /* NetworkEndPointProtocol.swift in Sources */,
				F88436DB8F947A37B094AE27 /* StocksEndPoint.swift in Sources */,
				F8843BD5CF341AFE498631FB /* Options.swift in Sources */,
			);
			runOnlyForDeploymentPostprocessing = 0;
		};
/* End PBXSourcesBuildPhase section */

/* Begin XCBuildConfiguration section */
		C2660F002887144100D8EA16 /* Debug */ = {
			isa = XCBuildConfiguration;
			buildSettings = {
				ALWAYS_SEARCH_USER_PATHS = NO;
				CLANG_ANALYZER_NONNULL = YES;
				CLANG_ANALYZER_NUMBER_OBJECT_CONVERSION = YES_AGGRESSIVE;
				CLANG_CXX_LANGUAGE_STANDARD = "gnu++17";
				CLANG_ENABLE_MODULES = YES;
				CLANG_ENABLE_OBJC_ARC = YES;
				CLANG_ENABLE_OBJC_WEAK = YES;
				CLANG_WARN_BLOCK_CAPTURE_AUTORELEASING = YES;
				CLANG_WARN_BOOL_CONVERSION = YES;
				CLANG_WARN_COMMA = YES;
				CLANG_WARN_CONSTANT_CONVERSION = YES;
				CLANG_WARN_DEPRECATED_OBJC_IMPLEMENTATIONS = YES;
				CLANG_WARN_DIRECT_OBJC_ISA_USAGE = YES_ERROR;
				CLANG_WARN_DOCUMENTATION_COMMENTS = YES;
				CLANG_WARN_EMPTY_BODY = YES;
				CLANG_WARN_ENUM_CONVERSION = YES;
				CLANG_WARN_INFINITE_RECURSION = YES;
				CLANG_WARN_INT_CONVERSION = YES;
				CLANG_WARN_NON_LITERAL_NULL_CONVERSION = YES;
				CLANG_WARN_OBJC_IMPLICIT_RETAIN_SELF = YES;
				CLANG_WARN_OBJC_LITERAL_CONVERSION = YES;
				CLANG_WARN_OBJC_ROOT_CLASS = YES_ERROR;
				CLANG_WARN_QUOTED_INCLUDE_IN_FRAMEWORK_HEADER = YES;
				CLANG_WARN_RANGE_LOOP_ANALYSIS = YES;
				CLANG_WARN_STRICT_PROTOTYPES = YES;
				CLANG_WARN_SUSPICIOUS_MOVE = YES;
				CLANG_WARN_UNGUARDED_AVAILABILITY = YES_AGGRESSIVE;
				CLANG_WARN_UNREACHABLE_CODE = YES;
				CLANG_WARN__DUPLICATE_METHOD_MATCH = YES;
				COPY_PHASE_STRIP = NO;
				DEBUG_INFORMATION_FORMAT = dwarf;
				ENABLE_STRICT_OBJC_MSGSEND = YES;
				ENABLE_TESTABILITY = YES;
				GCC_C_LANGUAGE_STANDARD = gnu11;
				GCC_DYNAMIC_NO_PIC = NO;
				GCC_NO_COMMON_BLOCKS = YES;
				GCC_OPTIMIZATION_LEVEL = 0;
				GCC_PREPROCESSOR_DEFINITIONS = (
					"DEBUG=1",
					"$(inherited)",
				);
				GCC_WARN_64_TO_32_BIT_CONVERSION = YES;
				GCC_WARN_ABOUT_RETURN_TYPE = YES_ERROR;
				GCC_WARN_UNDECLARED_SELECTOR = YES;
				GCC_WARN_UNINITIALIZED_AUTOS = YES_AGGRESSIVE;
				GCC_WARN_UNUSED_FUNCTION = YES;
				GCC_WARN_UNUSED_VARIABLE = YES;
				IPHONEOS_DEPLOYMENT_TARGET = 15.5;
				MTL_ENABLE_DEBUG_INFO = INCLUDE_SOURCE;
				MTL_FAST_MATH = YES;
				ONLY_ACTIVE_ARCH = YES;
				SDKROOT = iphoneos;
				SWIFT_ACTIVE_COMPILATION_CONDITIONS = DEBUG;
				SWIFT_OPTIMIZATION_LEVEL = "-Onone";
			};
			name = Debug;
		};
		C2660F012887144100D8EA16 /* Release */ = {
			isa = XCBuildConfiguration;
			buildSettings = {
				ALWAYS_SEARCH_USER_PATHS = NO;
				CLANG_ANALYZER_NONNULL = YES;
				CLANG_ANALYZER_NUMBER_OBJECT_CONVERSION = YES_AGGRESSIVE;
				CLANG_CXX_LANGUAGE_STANDARD = "gnu++17";
				CLANG_ENABLE_MODULES = YES;
				CLANG_ENABLE_OBJC_ARC = YES;
				CLANG_ENABLE_OBJC_WEAK = YES;
				CLANG_WARN_BLOCK_CAPTURE_AUTORELEASING = YES;
				CLANG_WARN_BOOL_CONVERSION = YES;
				CLANG_WARN_COMMA = YES;
				CLANG_WARN_CONSTANT_CONVERSION = YES;
				CLANG_WARN_DEPRECATED_OBJC_IMPLEMENTATIONS = YES;
				CLANG_WARN_DIRECT_OBJC_ISA_USAGE = YES_ERROR;
				CLANG_WARN_DOCUMENTATION_COMMENTS = YES;
				CLANG_WARN_EMPTY_BODY = YES;
				CLANG_WARN_ENUM_CONVERSION = YES;
				CLANG_WARN_INFINITE_RECURSION = YES;
				CLANG_WARN_INT_CONVERSION = YES;
				CLANG_WARN_NON_LITERAL_NULL_CONVERSION = YES;
				CLANG_WARN_OBJC_IMPLICIT_RETAIN_SELF = YES;
				CLANG_WARN_OBJC_LITERAL_CONVERSION = YES;
				CLANG_WARN_OBJC_ROOT_CLASS = YES_ERROR;
				CLANG_WARN_QUOTED_INCLUDE_IN_FRAMEWORK_HEADER = YES;
				CLANG_WARN_RANGE_LOOP_ANALYSIS = YES;
				CLANG_WARN_STRICT_PROTOTYPES = YES;
				CLANG_WARN_SUSPICIOUS_MOVE = YES;
				CLANG_WARN_UNGUARDED_AVAILABILITY = YES_AGGRESSIVE;
				CLANG_WARN_UNREACHABLE_CODE = YES;
				CLANG_WARN__DUPLICATE_METHOD_MATCH = YES;
				COPY_PHASE_STRIP = NO;
				DEBUG_INFORMATION_FORMAT = "dwarf-with-dsym";
				ENABLE_NS_ASSERTIONS = NO;
				ENABLE_STRICT_OBJC_MSGSEND = YES;
				GCC_C_LANGUAGE_STANDARD = gnu11;
				GCC_NO_COMMON_BLOCKS = YES;
				GCC_WARN_64_TO_32_BIT_CONVERSION = YES;
				GCC_WARN_ABOUT_RETURN_TYPE = YES_ERROR;
				GCC_WARN_UNDECLARED_SELECTOR = YES;
				GCC_WARN_UNINITIALIZED_AUTOS = YES_AGGRESSIVE;
				GCC_WARN_UNUSED_FUNCTION = YES;
				GCC_WARN_UNUSED_VARIABLE = YES;
				IPHONEOS_DEPLOYMENT_TARGET = 15.5;
				MTL_ENABLE_DEBUG_INFO = NO;
				MTL_FAST_MATH = YES;
				SDKROOT = iphoneos;
				SWIFT_COMPILATION_MODE = wholemodule;
				SWIFT_OPTIMIZATION_LEVEL = "-O";
				VALIDATE_PRODUCT = YES;
			};
			name = Release;
		};
		C2660F032887144100D8EA16 /* Debug */ = {
			isa = XCBuildConfiguration;
			baseConfigurationReference = C47552D34E845DBB859096A2 /* Pods-Stock.debug.xcconfig */;
			buildSettings = {
				ASSETCATALOG_COMPILER_APPICON_NAME = AppIcon;
				ASSETCATALOG_COMPILER_GLOBAL_ACCENT_COLOR_NAME = AccentColor;
				CODE_SIGN_STYLE = Automatic;
				CURRENT_PROJECT_VERSION = 1;
				DEVELOPMENT_TEAM = X4FJ736MWC;
				GENERATE_INFOPLIST_FILE = YES;
				INFOPLIST_FILE = "Stock/Supporting Files/Info.plist";
				INFOPLIST_KEY_UIApplicationSupportsIndirectInputEvents = YES;
				INFOPLIST_KEY_UILaunchStoryboardName = LaunchScreen;
				INFOPLIST_KEY_UISupportedInterfaceOrientations_iPad = "UIInterfaceOrientationPortrait UIInterfaceOrientationPortraitUpsideDown UIInterfaceOrientationLandscapeLeft UIInterfaceOrientationLandscapeRight";
				INFOPLIST_KEY_UISupportedInterfaceOrientations_iPhone = "UIInterfaceOrientationPortrait UIInterfaceOrientationLandscapeLeft UIInterfaceOrientationLandscapeRight";
				LD_RUNPATH_SEARCH_PATHS = (
					"$(inherited)",
					"@executable_path/Frameworks",
				);
				MARKETING_VERSION = 1.0;
				PRODUCT_BUNDLE_IDENTIFIER = Zlmnv.Stock;
				PRODUCT_NAME = "$(TARGET_NAME)";
				SWIFT_EMIT_LOC_STRINGS = YES;
				SWIFT_OBJC_BRIDGING_HEADER = "Stock/Supporting Files/Stock-Bridging-Header.h";
				SWIFT_VERSION = 5.0;
				TARGETED_DEVICE_FAMILY = 1;
			};
			name = Debug;
		};
		C2660F042887144100D8EA16 /* Release */ = {
			isa = XCBuildConfiguration;
			baseConfigurationReference = A66DF8FEF1B5A7B2AA2FCB42 /* Pods-Stock.release.xcconfig */;
			buildSettings = {
				ASSETCATALOG_COMPILER_APPICON_NAME = AppIcon;
				ASSETCATALOG_COMPILER_GLOBAL_ACCENT_COLOR_NAME = AccentColor;
				CODE_SIGN_STYLE = Automatic;
				CURRENT_PROJECT_VERSION = 1;
				DEVELOPMENT_TEAM = X4FJ736MWC;
				GENERATE_INFOPLIST_FILE = YES;
				INFOPLIST_FILE = "Stock/Supporting Files/Info.plist";
				INFOPLIST_KEY_UIApplicationSupportsIndirectInputEvents = YES;
				INFOPLIST_KEY_UILaunchStoryboardName = LaunchScreen;
				INFOPLIST_KEY_UISupportedInterfaceOrientations_iPad = "UIInterfaceOrientationPortrait UIInterfaceOrientationPortraitUpsideDown UIInterfaceOrientationLandscapeLeft UIInterfaceOrientationLandscapeRight";
				INFOPLIST_KEY_UISupportedInterfaceOrientations_iPhone = "UIInterfaceOrientationPortrait UIInterfaceOrientationLandscapeLeft UIInterfaceOrientationLandscapeRight";
				LD_RUNPATH_SEARCH_PATHS = (
					"$(inherited)",
					"@executable_path/Frameworks",
				);
				MARKETING_VERSION = 1.0;
				PRODUCT_BUNDLE_IDENTIFIER = Zlmnv.Stock;
				PRODUCT_NAME = "$(TARGET_NAME)";
				SWIFT_EMIT_LOC_STRINGS = YES;
				SWIFT_OBJC_BRIDGING_HEADER = "Stock/Supporting Files/Stock-Bridging-Header.h";
				SWIFT_VERSION = 5.0;
				TARGETED_DEVICE_FAMILY = 1;
			};
			name = Release;
		};
/* End XCBuildConfiguration section */

/* Begin XCConfigurationList section */
		C2660EE62887143F00D8EA16 /* Build configuration list for PBXProject "Stock" */ = {
			isa = XCConfigurationList;
			buildConfigurations = (
				C2660F002887144100D8EA16 /* Debug */,
				C2660F012887144100D8EA16 /* Release */,
			);
			defaultConfigurationIsVisible = 0;
			defaultConfigurationName = Release;
		};
		C2660F022887144100D8EA16 /* Build configuration list for PBXNativeTarget "Stock" */ = {
			isa = XCConfigurationList;
			buildConfigurations = (
				C2660F032887144100D8EA16 /* Debug */,
				C2660F042887144100D8EA16 /* Release */,
			);
			defaultConfigurationIsVisible = 0;
			defaultConfigurationName = Release;
		};
/* End XCConfigurationList section */

/* Begin XCVersionGroup section */
		F8843AC9DE96094366842C3E /* Stock.xcdatamodeld */ = {
			isa = XCVersionGroup;
			children = (
				F8843BFF10BE1F6A77000833 /* Stock.xcdatamodel */,
			);
			currentVersion = F8843BFF10BE1F6A77000833 /* Stock.xcdatamodel */;
			path = Stock.xcdatamodeld;
			sourceTree = "<group>";
			versionGroupType = wrapper.xcdatamodel;
		};
/* End XCVersionGroup section */
	};
	rootObject = C2660EE32887143F00D8EA16 /* Project object */;
}
