// !$*UTF8*$!
{
	archiveVersion = 1;
	classes = {
	};
	objectVersion = 55;
	objects = {

/* Begin PBXBuildFile section */
		615B4216C09879397E7CDA04 /* HomeContract.swift in Sources */ = {isa = PBXBuildFile; fileRef = 615B4A2E8E5BA7551661FB8A /* HomeContract.swift */; };
		615B425937BE1B75E52980DD /* HomeInteractor.swift in Sources */ = {isa = PBXBuildFile; fileRef = 615B4FC62E1EB96A822CC51A /* HomeInteractor.swift */; };
		615B43798AB811DD96C9AE9E /* HomePresenter.swift in Sources */ = {isa = PBXBuildFile; fileRef = 615B48310B5CB5EA21F8B18A /* HomePresenter.swift */; };
		615B4427DCE5CBEF874CD747 /* UIStackView+ext.swift in Sources */ = {isa = PBXBuildFile; fileRef = 615B4D70EF98C72930D20AFA /* UIStackView+ext.swift */; };
		615B4551C8784C61A8A8CCDE /* HomeViewController.swift in Sources */ = {isa = PBXBuildFile; fileRef = 615B453775827B917CC1D631 /* HomeViewController.swift */; };
		615B482DCC1AE0FD1422905F /* TableView.swift in Sources */ = {isa = PBXBuildFile; fileRef = 615B4687F0B80B6DB46D3676 /* TableView.swift */; };
		615B48F3173DEC6047B139BF /* CollectionView.swift in Sources */ = {isa = PBXBuildFile; fileRef = 615B45B56E11F7D58D6A4151 /* CollectionView.swift */; };
		615B4986E740C3F2C65D57E3 /* HomeEntity.swift in Sources */ = {isa = PBXBuildFile; fileRef = 615B4BEBFE6ED9CBE7484DA1 /* HomeEntity.swift */; };
		615B4A0AD28AD4CB87345794 /* HomeRouter.swift in Sources */ = {isa = PBXBuildFile; fileRef = 615B46915B7F0C0B5865EECA /* HomeRouter.swift */; };
		8DDCF637E95194AFF04DE306 /* Pods_Stock.framework in Frameworks */ = {isa = PBXBuildFile; fileRef = 4BDA12EF28C984F43E4F3F2C /* Pods_Stock.framework */; };
		C2660EEF2887143F00D8EA16 /* AppDelegate.swift in Sources */ = {isa = PBXBuildFile; fileRef = C2660EEE2887143F00D8EA16 /* AppDelegate.swift */; };
		C2660EF12887143F00D8EA16 /* SceneDelegate.swift in Sources */ = {isa = PBXBuildFile; fileRef = C2660EF02887143F00D8EA16 /* SceneDelegate.swift */; };
		C2660EF32887143F00D8EA16 /* ViewController.swift in Sources */ = {isa = PBXBuildFile; fileRef = C2660EF22887143F00D8EA16 /* ViewController.swift */; };
		C2660EF92887143F00D8EA16 /* Stock.xcdatamodeld in Sources */ = {isa = PBXBuildFile; fileRef = C2660EF72887143F00D8EA16 /* Stock.xcdatamodeld */; };
		C2660EFB2887144100D8EA16 /* Assets.xcassets in Resources */ = {isa = PBXBuildFile; fileRef = C2660EFA2887144100D8EA16 /* Assets.xcassets */; };
		C2884B5C28874C2C0010E55E /* FavoritesContract.swift in Sources */ = {isa = PBXBuildFile; fileRef = C2884B5728874C2C0010E55E /* FavoritesContract.swift */; };
		C2884B5D28874C2C0010E55E /* FavoritesPresenter.swift in Sources */ = {isa = PBXBuildFile; fileRef = C2884B5828874C2C0010E55E /* FavoritesPresenter.swift */; };
		C2884B5E28874C2C0010E55E /* FavoritesRouter.swift in Sources */ = {isa = PBXBuildFile; fileRef = C2884B5928874C2C0010E55E /* FavoritesRouter.swift */; };
		C2884B5F28874C2C0010E55E /* FavoritesViewController.swift in Sources */ = {isa = PBXBuildFile; fileRef = C2884B5A28874C2C0010E55E /* FavoritesViewController.swift */; };
		C2884B6028874C2C0010E55E /* FavoritesInteractor.swift in Sources */ = {isa = PBXBuildFile; fileRef = C2884B5B28874C2C0010E55E /* FavoritesInteractor.swift */; };
		C2884B6728874C550010E55E /* SearchProtocols.swift in Sources */ = {isa = PBXBuildFile; fileRef = C2884B6228874C550010E55E /* SearchProtocols.swift */; };
		C2884B6828874C550010E55E /* SearchPresenter.swift in Sources */ = {isa = PBXBuildFile; fileRef = C2884B6328874C550010E55E /* SearchPresenter.swift */; };
		C2884B6928874C550010E55E /* SearchRouter.swift in Sources */ = {isa = PBXBuildFile; fileRef = C2884B6428874C550010E55E /* SearchRouter.swift */; };
		C2884B6A28874C550010E55E /* SearchViewController.swift in Sources */ = {isa = PBXBuildFile; fileRef = C2884B6528874C550010E55E /* SearchViewController.swift */; };
		C2884B6B28874C550010E55E /* SearchInteractor.swift in Sources */ = {isa = PBXBuildFile; fileRef = C2884B6628874C550010E55E /* SearchInteractor.swift */; };
		C2FE87D1288945FF0032E3B7 /* R.generated.swift in Sources */ = {isa = PBXBuildFile; fileRef = C2FE87D0288945FF0032E3B7 /* R.generated.swift */; };
		F88431A16C12CFC29E45A090 /* LaunchScreen.storyboard in Resources */ = {isa = PBXBuildFile; fileRef = F8843799106ECE74E53143C9 /* LaunchScreen.storyboard */; };
		F8843EA82277262F06E35A65 /* Main.storyboard in Resources */ = {isa = PBXBuildFile; fileRef = F8843E41EAFD2FE88EAE653B /* Main.storyboard */; };
/* End PBXBuildFile section */

/* Begin PBXFileReference section */
		4BDA12EF28C984F43E4F3F2C /* Pods_Stock.framework */ = {isa = PBXFileReference; explicitFileType = wrapper.framework; includeInIndex = 0; path = Pods_Stock.framework; sourceTree = BUILT_PRODUCTS_DIR; };
		615B453775827B917CC1D631 /* HomeViewController.swift */ = {isa = PBXFileReference; fileEncoding = 4; lastKnownFileType = sourcecode.swift; path = HomeViewController.swift; sourceTree = "<group>"; };
		615B45B56E11F7D58D6A4151 /* CollectionView.swift */ = {isa = PBXFileReference; fileEncoding = 4; lastKnownFileType = sourcecode.swift; path = CollectionView.swift; sourceTree = "<group>"; };
		615B4687F0B80B6DB46D3676 /* TableView.swift */ = {isa = PBXFileReference; fileEncoding = 4; lastKnownFileType = sourcecode.swift; path = TableView.swift; sourceTree = "<group>"; };
		615B46915B7F0C0B5865EECA /* HomeRouter.swift */ = {isa = PBXFileReference; fileEncoding = 4; lastKnownFileType = sourcecode.swift; path = HomeRouter.swift; sourceTree = "<group>"; };
		615B48310B5CB5EA21F8B18A /* HomePresenter.swift */ = {isa = PBXFileReference; fileEncoding = 4; lastKnownFileType = sourcecode.swift; path = HomePresenter.swift; sourceTree = "<group>"; };
		615B4A2E8E5BA7551661FB8A /* HomeContract.swift */ = {isa = PBXFileReference; fileEncoding = 4; lastKnownFileType = sourcecode.swift; path = HomeContract.swift; sourceTree = "<group>"; };
		615B4BEBFE6ED9CBE7484DA1 /* HomeEntity.swift */ = {isa = PBXFileReference; fileEncoding = 4; lastKnownFileType = sourcecode.swift; path = HomeEntity.swift; sourceTree = "<group>"; };
		615B4D70EF98C72930D20AFA /* UIStackView+ext.swift */ = {isa = PBXFileReference; fileEncoding = 4; lastKnownFileType = sourcecode.swift; path = "UIStackView+ext.swift"; sourceTree = "<group>"; };
		615B4FC62E1EB96A822CC51A /* HomeInteractor.swift */ = {isa = PBXFileReference; fileEncoding = 4; lastKnownFileType = sourcecode.swift; path = HomeInteractor.swift; sourceTree = "<group>"; };
		A66DF8FEF1B5A7B2AA2FCB42 /* Pods-Stock.release.xcconfig */ = {isa = PBXFileReference; includeInIndex = 1; lastKnownFileType = text.xcconfig; name = "Pods-Stock.release.xcconfig"; path = "Target Support Files/Pods-Stock/Pods-Stock.release.xcconfig"; sourceTree = "<group>"; };
		C2660EEB2887143F00D8EA16 /* Stock.app */ = {isa = PBXFileReference; explicitFileType = wrapper.application; includeInIndex = 0; path = Stock.app; sourceTree = BUILT_PRODUCTS_DIR; };
		C2660EEE2887143F00D8EA16 /* AppDelegate.swift */ = {isa = PBXFileReference; lastKnownFileType = sourcecode.swift; path = AppDelegate.swift; sourceTree = "<group>"; };
		C2660EF02887143F00D8EA16 /* SceneDelegate.swift */ = {isa = PBXFileReference; lastKnownFileType = sourcecode.swift; path = SceneDelegate.swift; sourceTree = "<group>"; };
		C2660EF22887143F00D8EA16 /* ViewController.swift */ = {isa = PBXFileReference; lastKnownFileType = sourcecode.swift; path = ViewController.swift; sourceTree = "<group>"; };
		C2660EF82887143F00D8EA16 /* Stock.xcdatamodel */ = {isa = PBXFileReference; lastKnownFileType = wrapper.xcdatamodel; path = Stock.xcdatamodel; sourceTree = "<group>"; };
		C2660EFA2887144100D8EA16 /* Assets.xcassets */ = {isa = PBXFileReference; lastKnownFileType = folder.assetcatalog; path = Assets.xcassets; sourceTree = "<group>"; };
		C2660EFF2887144100D8EA16 /* Info.plist */ = {isa = PBXFileReference; lastKnownFileType = text.plist.xml; path = Info.plist; sourceTree = "<group>"; };
		C2660F09288715C400D8EA16 /* Stock-Bridging-Header.h */ = {isa = PBXFileReference; lastKnownFileType = sourcecode.c.h; name = "Stock-Bridging-Header.h"; path = "Stock/Supporting Files/Stock-Bridging-Header.h"; sourceTree = SOURCE_ROOT; };
		C2884B5728874C2C0010E55E /* FavoritesContract.swift */ = {isa = PBXFileReference; lastKnownFileType = sourcecode.swift; path = FavoritesContract.swift; sourceTree = "<group>"; };
		C2884B5828874C2C0010E55E /* FavoritesPresenter.swift */ = {isa = PBXFileReference; lastKnownFileType = sourcecode.swift; path = FavoritesPresenter.swift; sourceTree = "<group>"; };
		C2884B5928874C2C0010E55E /* FavoritesRouter.swift */ = {isa = PBXFileReference; lastKnownFileType = sourcecode.swift; path = FavoritesRouter.swift; sourceTree = "<group>"; };
		C2884B5A28874C2C0010E55E /* FavoritesViewController.swift */ = {isa = PBXFileReference; lastKnownFileType = sourcecode.swift; path = FavoritesViewController.swift; sourceTree = "<group>"; };
		C2884B5B28874C2C0010E55E /* FavoritesInteractor.swift */ = {isa = PBXFileReference; lastKnownFileType = sourcecode.swift; path = FavoritesInteractor.swift; sourceTree = "<group>"; };
		C2884B6228874C550010E55E /* SearchProtocols.swift */ = {isa = PBXFileReference; lastKnownFileType = sourcecode.swift; path = SearchProtocols.swift; sourceTree = "<group>"; };
		C2884B6328874C550010E55E /* SearchPresenter.swift */ = {isa = PBXFileReference; lastKnownFileType = sourcecode.swift; path = SearchPresenter.swift; sourceTree = "<group>"; };
		C2884B6428874C550010E55E /* SearchRouter.swift */ = {isa = PBXFileReference; lastKnownFileType = sourcecode.swift; path = SearchRouter.swift; sourceTree = "<group>"; };
		C2884B6528874C550010E55E /* SearchViewController.swift */ = {isa = PBXFileReference; lastKnownFileType = sourcecode.swift; path = SearchViewController.swift; sourceTree = "<group>"; };
		C2884B6628874C550010E55E /* SearchInteractor.swift */ = {isa = PBXFileReference; lastKnownFileType = sourcecode.swift; path = SearchInteractor.swift; sourceTree = "<group>"; };
		C2FE87D0288945FF0032E3B7 /* R.generated.swift */ = {isa = PBXFileReference; fileEncoding = 4; lastKnownFileType = sourcecode.swift; path = R.generated.swift; sourceTree = SOURCE_ROOT; };
		C47552D34E845DBB859096A2 /* Pods-Stock.debug.xcconfig */ = {isa = PBXFileReference; includeInIndex = 1; lastKnownFileType = text.xcconfig; name = "Pods-Stock.debug.xcconfig"; path = "Target Support Files/Pods-Stock/Pods-Stock.debug.xcconfig"; sourceTree = "<group>"; };
		F8843799106ECE74E53143C9 /* LaunchScreen.storyboard */ = {isa = PBXFileReference; lastKnownFileType = file.storyboard; path = LaunchScreen.storyboard; sourceTree = "<group>"; };
		F8843E41EAFD2FE88EAE653B /* Main.storyboard */ = {isa = PBXFileReference; lastKnownFileType = file.storyboard; path = Main.storyboard; sourceTree = "<group>"; };
/* End PBXFileReference section */

/* Begin PBXFrameworksBuildPhase section */
		C2660EE82887143F00D8EA16 /* Frameworks */ = {
			isa = PBXFrameworksBuildPhase;
			buildActionMask = 2147483647;
			files = (
				8DDCF637E95194AFF04DE306 /* Pods_Stock.framework in Frameworks */,
			);
			runOnlyForDeploymentPostprocessing = 0;
		};
/* End PBXFrameworksBuildPhase section */

/* Begin PBXGroup section */
		04EC03E43ED929EE57A2ECD4 /* Frameworks */ = {
			isa = PBXGroup;
			children = (
				4BDA12EF28C984F43E4F3F2C /* Pods_Stock.framework */,
			);
			name = Frameworks;
			sourceTree = "<group>";
		};
		05078D1C2888032A002C6223 /* Resources */ = {
			isa = PBXGroup;
			children = (
				C2FE87D0288945FF0032E3B7 /* R.generated.swift */,
				C2660EFA2887144100D8EA16 /* Assets.xcassets */,
				F8843799106ECE74E53143C9 /* LaunchScreen.storyboard */,
				F8843E41EAFD2FE88EAE653B /* Main.storyboard */,
			);
			path = Resources;
			sourceTree = "<group>";
		};
		173267D272348BF581DC2077 /* Pods */ = {
			isa = PBXGroup;
			children = (
				C47552D34E845DBB859096A2 /* Pods-Stock.debug.xcconfig */,
				A66DF8FEF1B5A7B2AA2FCB42 /* Pods-Stock.release.xcconfig */,
			);
			path = Pods;
			sourceTree = "<group>";
		};
		615B401C63712C4CECAAD4E7 /* Protocols */ = {
			isa = PBXGroup;
			children = (
				615B4A2E8E5BA7551661FB8A /* HomeContract.swift */,
			);
			path = Protocols;
			sourceTree = "<group>";
		};
		615B4020A202A8E361D4BF0C /* HomeRouter */ = {
			isa = PBXGroup;
			children = (
				615B46915B7F0C0B5865EECA /* HomeRouter.swift */,
			);
			path = HomeRouter;
			sourceTree = "<group>";
		};
		615B40F49B8C12EB9AD58FB1 /* TableView */ = {
			isa = PBXGroup;
			children = (
				615B4687F0B80B6DB46D3676 /* TableView.swift */,
			);
			path = TableView;
			sourceTree = "<group>";
		};
		615B416CA7D476B5174B7FB3 /* CollectionView */ = {
			isa = PBXGroup;
			children = (
				615B45B56E11F7D58D6A4151 /* CollectionView.swift */,
			);
			path = CollectionView;
			sourceTree = "<group>";
		};
		615B43147D5B670BD4BF6E4A /* Extensions */ = {
			isa = PBXGroup;
			children = (
				615B4D70EF98C72930D20AFA /* UIStackView+ext.swift */,
			);
			path = Extensions;
			sourceTree = "<group>";
		};
		615B4366ED093C3E021CC743 /* HomeInteractor */ = {
			isa = PBXGroup;
			children = (
				615B4FC62E1EB96A822CC51A /* HomeInteractor.swift */,
			);
			path = HomeInteractor;
			sourceTree = "<group>";
		};
		615B4400339B3902886516B9 /* HomePresenter */ = {
			isa = PBXGroup;
			children = (
				615B48310B5CB5EA21F8B18A /* HomePresenter.swift */,
			);
			path = HomePresenter;
			sourceTree = "<group>";
		};
		615B494B8E6CDF6C81602504 /* HomeView */ = {
			isa = PBXGroup;
			children = (
				615B453775827B917CC1D631 /* HomeViewController.swift */,
			);
			path = HomeView;
			sourceTree = "<group>";
		};
		615B4A78401D0046559AC92D /* Common */ = {
			isa = PBXGroup;
			children = (
				615B416CA7D476B5174B7FB3 /* CollectionView */,
				615B40F49B8C12EB9AD58FB1 /* TableView */,
			);
			path = Common;
			sourceTree = "<group>";
		};
		615B4F71576EBD98EF930A94 /* HomeEntity */ = {
			isa = PBXGroup;
			children = (
				615B4BEBFE6ED9CBE7484DA1 /* HomeEntity.swift */,
			);
			path = HomeEntity;
			sourceTree = "<group>";
		};
		C2660EE22887143F00D8EA16 = {
			isa = PBXGroup;
			children = (
				C2660EED2887143F00D8EA16 /* Stock */,
				C2660EEC2887143F00D8EA16 /* Products */,
				173267D272348BF581DC2077 /* Pods */,
				04EC03E43ED929EE57A2ECD4 /* Frameworks */,
			);
			sourceTree = "<group>";
		};
		C2660EEC2887143F00D8EA16 /* Products */ = {
			isa = PBXGroup;
			children = (
				C2660EEB2887143F00D8EA16 /* Stock.app */,
			);
			name = Products;
			sourceTree = "<group>";
		};
		C2660EED2887143F00D8EA16 /* Stock */ = {
			isa = PBXGroup;
			children = (
				05078D1C2888032A002C6223 /* Resources */,
				C2A9961428874AF600E34139 /* Modules */,
				C2660F072887145D00D8EA16 /* CoreData */,
				C2660F062887145200D8EA16 /* Application */,
				C2660F052887144800D8EA16 /* Supporting Files */,
				C2660EF22887143F00D8EA16 /* ViewController.swift */,
				615B43147D5B670BD4BF6E4A /* Extensions */,
				615B4A78401D0046559AC92D /* Common */,
			);
			path = Stock;
			sourceTree = "<group>";
		};
		C2660F052887144800D8EA16 /* Supporting Files */ = {
			isa = PBXGroup;
			children = (
				C2660EFF2887144100D8EA16 /* Info.plist */,
				C2660F09288715C400D8EA16 /* Stock-Bridging-Header.h */,
			);
			path = "Supporting Files";
			sourceTree = "<group>";
		};
		C2660F062887145200D8EA16 /* Application */ = {
			isa = PBXGroup;
			children = (
				C2660EF02887143F00D8EA16 /* SceneDelegate.swift */,
				C2660EEE2887143F00D8EA16 /* AppDelegate.swift */,
			);
			path = Application;
			sourceTree = "<group>";
		};
		C2660F072887145D00D8EA16 /* CoreData */ = {
			isa = PBXGroup;
			children = (
				C2660EF72887143F00D8EA16 /* Stock.xcdatamodeld */,
			);
			path = CoreData;
			sourceTree = "<group>";
		};
		C2884B4B28874BF40010E55E /* Home */ = {
			isa = PBXGroup;
			children = (
				615B4366ED093C3E021CC743 /* HomeInteractor */,
				615B494B8E6CDF6C81602504 /* HomeView */,
				615B4F71576EBD98EF930A94 /* HomeEntity */,
				615B4400339B3902886516B9 /* HomePresenter */,
				615B4020A202A8E361D4BF0C /* HomeRouter */,
				615B401C63712C4CECAAD4E7 /* Protocols */,
			);
			path = Home;
			sourceTree = "<group>";
		};
		C2884B5628874C1A0010E55E /* Favorites */ = {
			isa = PBXGroup;
			children = (
				C2884B5728874C2C0010E55E /* FavoritesContract.swift */,
				C2884B5828874C2C0010E55E /* FavoritesPresenter.swift */,
				C2884B5928874C2C0010E55E /* FavoritesRouter.swift */,
				C2884B5A28874C2C0010E55E /* FavoritesViewController.swift */,
				C2884B5B28874C2C0010E55E /* FavoritesInteractor.swift */,
			);
			path = Favorites;
			sourceTree = "<group>";
		};
		C2884B6128874C3C0010E55E /* Search */ = {
			isa = PBXGroup;
			children = (
				C2884B6228874C550010E55E /* SearchProtocols.swift */,
				C2884B6328874C550010E55E /* SearchPresenter.swift */,
				C2884B6428874C550010E55E /* SearchRouter.swift */,
				C2884B6528874C550010E55E /* SearchViewController.swift */,
				C2884B6628874C550010E55E /* SearchInteractor.swift */,
			);
			path = Search;
			sourceTree = "<group>";
		};
		C2A9961428874AF600E34139 /* Modules */ = {
			isa = PBXGroup;
			children = (
				C2884B6128874C3C0010E55E /* Search */,
				C2884B5628874C1A0010E55E /* Favorites */,
				C2884B4B28874BF40010E55E /* Home */,
			);
			path = Modules;
			sourceTree = "<group>";
		};
/* End PBXGroup section */

/* Begin PBXNativeTarget section */
		C2660EEA2887143F00D8EA16 /* Stock */ = {
			isa = PBXNativeTarget;
			buildConfigurationList = C2660F022887144100D8EA16 /* Build configuration list for PBXNativeTarget "Stock" */;
			buildPhases = (
				5AF2B992A73546AD26AC2961 /* [CP] Check Pods Manifest.lock */,
				05078D1B28880079002C6223 /* ShellScript */,
				C2660EE72887143F00D8EA16 /* Sources */,
				C2660EE82887143F00D8EA16 /* Frameworks */,
				C2660EE92887143F00D8EA16 /* Resources */,
				59BB781BB1A321B20BFE628D /* [CP] Embed Pods Frameworks */,
			);
			buildRules = (
			);
			dependencies = (
			);
			name = Stock;
			productName = Stock;
			productReference = C2660EEB2887143F00D8EA16 /* Stock.app */;
			productType = "com.apple.product-type.application";
		};
/* End PBXNativeTarget section */

/* Begin PBXProject section */
		C2660EE32887143F00D8EA16 /* Project object */ = {
			isa = PBXProject;
			attributes = {
				BuildIndependentTargetsInParallel = 1;
				LastSwiftUpdateCheck = 1340;
				LastUpgradeCheck = 1340;
				TargetAttributes = {
					C2660EEA2887143F00D8EA16 = {
						CreatedOnToolsVersion = 13.4.1;
					};
				};
			};
			buildConfigurationList = C2660EE62887143F00D8EA16 /* Build configuration list for PBXProject "Stock" */;
			compatibilityVersion = "Xcode 13.0";
			developmentRegion = en;
			hasScannedForEncodings = 0;
			knownRegions = (
				en,
				Base,
			);
			mainGroup = C2660EE22887143F00D8EA16;
			productRefGroup = C2660EEC2887143F00D8EA16 /* Products */;
			projectDirPath = "";
			projectRoot = "";
			targets = (
				C2660EEA2887143F00D8EA16 /* Stock */,
			);
		};
/* End PBXProject section */

/* Begin PBXResourcesBuildPhase section */
		C2660EE92887143F00D8EA16 /* Resources */ = {
			isa = PBXResourcesBuildPhase;
			buildActionMask = 2147483647;
			files = (
				C2660EFB2887144100D8EA16 /* Assets.xcassets in Resources */,
				F88431A16C12CFC29E45A090 /* LaunchScreen.storyboard in Resources */,
				F8843EA82277262F06E35A65 /* Main.storyboard in Resources */,
			);
			runOnlyForDeploymentPostprocessing = 0;
		};
/* End PBXResourcesBuildPhase section */

/* Begin PBXShellScriptBuildPhase section */
		05078D1B28880079002C6223 /* ShellScript */ = {
			isa = PBXShellScriptBuildPhase;
			alwaysOutOfDate = 1;
			buildActionMask = 2147483647;
			files = (
			);
			inputFileListPaths = (
			);
			inputPaths = (
			);
			outputFileListPaths = (
			);
			outputPaths = (
				$SRCROOT/R.generated.swift,
			);
			runOnlyForDeploymentPostprocessing = 0;
			shellPath = /bin/sh;
			shellScript = "\"$PODS_ROOT/R.swift/rswift\" generate \"$SRCROOT/R.generated.swift\"\n";
		};
		59BB781BB1A321B20BFE628D /* [CP] Embed Pods Frameworks */ = {
			isa = PBXShellScriptBuildPhase;
			buildActionMask = 2147483647;
			files = (
			);
			inputFileListPaths = (
				"${PODS_ROOT}/Target Support Files/Pods-Stock/Pods-Stock-frameworks-${CONFIGURATION}-input-files.xcfilelist",
			);
			name = "[CP] Embed Pods Frameworks";
			outputFileListPaths = (
				"${PODS_ROOT}/Target Support Files/Pods-Stock/Pods-Stock-frameworks-${CONFIGURATION}-output-files.xcfilelist",
			);
			runOnlyForDeploymentPostprocessing = 0;
			shellPath = /bin/sh;
			shellScript = "\"${PODS_ROOT}/Target Support Files/Pods-Stock/Pods-Stock-frameworks.sh\"\n";
			showEnvVarsInLog = 0;
		};
		5AF2B992A73546AD26AC2961 /* [CP] Check Pods Manifest.lock */ = {
			isa = PBXShellScriptBuildPhase;
			buildActionMask = 2147483647;
			files = (
			);
			inputFileListPaths = (
			);
			inputPaths = (
				"${PODS_PODFILE_DIR_PATH}/Podfile.lock",
				"${PODS_ROOT}/Manifest.lock",
			);
			name = "[CP] Check Pods Manifest.lock";
			outputFileListPaths = (
			);
			outputPaths = (
				"$(DERIVED_FILE_DIR)/Pods-Stock-checkManifestLockResult.txt",
			);
			runOnlyForDeploymentPostprocessing = 0;
			shellPath = /bin/sh;
			shellScript = "diff \"${PODS_PODFILE_DIR_PATH}/Podfile.lock\" \"${PODS_ROOT}/Manifest.lock\" > /dev/null\nif [ $? != 0 ] ; then\n    # print error to STDERR\n    echo \"error: The sandbox is not in sync with the Podfile.lock. Run 'pod install' or update your CocoaPods installation.\" >&2\n    exit 1\nfi\n# This output is used by Xcode 'outputs' to avoid re-running this script phase.\necho \"SUCCESS\" > \"${SCRIPT_OUTPUT_FILE_0}\"\n";
			showEnvVarsInLog = 0;
		};
/* End PBXShellScriptBuildPhase section */

/* Begin PBXSourcesBuildPhase section */
		C2660EE72887143F00D8EA16 /* Sources */ = {
			isa = PBXSourcesBuildPhase;
			buildActionMask = 2147483647;
			files = (
				C2884B5F28874C2C0010E55E /* FavoritesViewController.swift in Sources */,
				C2884B5E28874C2C0010E55E /* FavoritesRouter.swift in Sources */,
				C2884B6B28874C550010E55E /* SearchInteractor.swift in Sources */,
				C2884B6028874C2C0010E55E /* FavoritesInteractor.swift in Sources */,
				C2660EF32887143F00D8EA16 /* ViewController.swift in Sources */,
				C2660EEF2887143F00D8EA16 /* AppDelegate.swift in Sources */,
				C2884B5D28874C2C0010E55E /* FavoritesPresenter.swift in Sources */,
				C2884B6928874C550010E55E /* SearchRouter.swift in Sources */,
				C2FE87D1288945FF0032E3B7 /* R.generated.swift in Sources */,
				C2884B6728874C550010E55E /* SearchProtocols.swift in Sources */,
				C2884B6A28874C550010E55E /* SearchViewController.swift in Sources */,
				C2884B5C28874C2C0010E55E /* FavoritesContract.swift in Sources */,
				C2660EF92887143F00D8EA16 /* Stock.xcdatamodeld in Sources */,
				C2884B6828874C550010E55E /* SearchPresenter.swift in Sources */,
				C2660EF12887143F00D8EA16 /* SceneDelegate.swift in Sources */,
				615B4427DCE5CBEF874CD747 /* UIStackView+ext.swift in Sources */,
				615B425937BE1B75E52980DD /* HomeInteractor.swift in Sources */,
				615B4551C8784C61A8A8CCDE /* HomeViewController.swift in Sources */,
				615B4986E740C3F2C65D57E3 /* HomeEntity.swift in Sources */,
				615B43798AB811DD96C9AE9E /* HomePresenter.swift in Sources */,
				615B4A0AD28AD4CB87345794 /* HomeRouter.swift in Sources */,
				615B4216C09879397E7CDA04 /* HomeContract.swift in Sources */,
				615B48F3173DEC6047B139BF /* CollectionView.swift in Sources */,
				615B482DCC1AE0FD1422905F /* TableView.swift in Sources */,
			);
			runOnlyForDeploymentPostprocessing = 0;
		};
/* End PBXSourcesBuildPhase section */

/* Begin XCBuildConfiguration section */
		C2660F002887144100D8EA16 /* Debug */ = {
			isa = XCBuildConfiguration;
			buildSettings = {
				ALWAYS_SEARCH_USER_PATHS = NO;
				CLANG_ANALYZER_NONNULL = YES;
				CLANG_ANALYZER_NUMBER_OBJECT_CONVERSION = YES_AGGRESSIVE;
				CLANG_CXX_LANGUAGE_STANDARD = "gnu++17";
				CLANG_ENABLE_MODULES = YES;
				CLANG_ENABLE_OBJC_ARC = YES;
				CLANG_ENABLE_OBJC_WEAK = YES;
				CLANG_WARN_BLOCK_CAPTURE_AUTORELEASING = YES;
				CLANG_WARN_BOOL_CONVERSION = YES;
				CLANG_WARN_COMMA = YES;
				CLANG_WARN_CONSTANT_CONVERSION = YES;
				CLANG_WARN_DEPRECATED_OBJC_IMPLEMENTATIONS = YES;
				CLANG_WARN_DIRECT_OBJC_ISA_USAGE = YES_ERROR;
				CLANG_WARN_DOCUMENTATION_COMMENTS = YES;
				CLANG_WARN_EMPTY_BODY = YES;
				CLANG_WARN_ENUM_CONVERSION = YES;
				CLANG_WARN_INFINITE_RECURSION = YES;
				CLANG_WARN_INT_CONVERSION = YES;
				CLANG_WARN_NON_LITERAL_NULL_CONVERSION = YES;
				CLANG_WARN_OBJC_IMPLICIT_RETAIN_SELF = YES;
				CLANG_WARN_OBJC_LITERAL_CONVERSION = YES;
				CLANG_WARN_OBJC_ROOT_CLASS = YES_ERROR;
				CLANG_WARN_QUOTED_INCLUDE_IN_FRAMEWORK_HEADER = YES;
				CLANG_WARN_RANGE_LOOP_ANALYSIS = YES;
				CLANG_WARN_STRICT_PROTOTYPES = YES;
				CLANG_WARN_SUSPICIOUS_MOVE = YES;
				CLANG_WARN_UNGUARDED_AVAILABILITY = YES_AGGRESSIVE;
				CLANG_WARN_UNREACHABLE_CODE = YES;
				CLANG_WARN__DUPLICATE_METHOD_MATCH = YES;
				COPY_PHASE_STRIP = NO;
				DEBUG_INFORMATION_FORMAT = dwarf;
				ENABLE_STRICT_OBJC_MSGSEND = YES;
				ENABLE_TESTABILITY = YES;
				GCC_C_LANGUAGE_STANDARD = gnu11;
				GCC_DYNAMIC_NO_PIC = NO;
				GCC_NO_COMMON_BLOCKS = YES;
				GCC_OPTIMIZATION_LEVEL = 0;
				GCC_PREPROCESSOR_DEFINITIONS = (
					"DEBUG=1",
					"$(inherited)",
				);
				GCC_WARN_64_TO_32_BIT_CONVERSION = YES;
				GCC_WARN_ABOUT_RETURN_TYPE = YES_ERROR;
				GCC_WARN_UNDECLARED_SELECTOR = YES;
				GCC_WARN_UNINITIALIZED_AUTOS = YES_AGGRESSIVE;
				GCC_WARN_UNUSED_FUNCTION = YES;
				GCC_WARN_UNUSED_VARIABLE = YES;
				IPHONEOS_DEPLOYMENT_TARGET = 15.5;
				MTL_ENABLE_DEBUG_INFO = INCLUDE_SOURCE;
				MTL_FAST_MATH = YES;
				ONLY_ACTIVE_ARCH = YES;
				SDKROOT = iphoneos;
				SWIFT_ACTIVE_COMPILATION_CONDITIONS = DEBUG;
				SWIFT_OPTIMIZATION_LEVEL = "-Onone";
			};
			name = Debug;
		};
		C2660F012887144100D8EA16 /* Release */ = {
			isa = XCBuildConfiguration;
			buildSettings = {
				ALWAYS_SEARCH_USER_PATHS = NO;
				CLANG_ANALYZER_NONNULL = YES;
				CLANG_ANALYZER_NUMBER_OBJECT_CONVERSION = YES_AGGRESSIVE;
				CLANG_CXX_LANGUAGE_STANDARD = "gnu++17";
				CLANG_ENABLE_MODULES = YES;
				CLANG_ENABLE_OBJC_ARC = YES;
				CLANG_ENABLE_OBJC_WEAK = YES;
				CLANG_WARN_BLOCK_CAPTURE_AUTORELEASING = YES;
				CLANG_WARN_BOOL_CONVERSION = YES;
				CLANG_WARN_COMMA = YES;
				CLANG_WARN_CONSTANT_CONVERSION = YES;
				CLANG_WARN_DEPRECATED_OBJC_IMPLEMENTATIONS = YES;
				CLANG_WARN_DIRECT_OBJC_ISA_USAGE = YES_ERROR;
				CLANG_WARN_DOCUMENTATION_COMMENTS = YES;
				CLANG_WARN_EMPTY_BODY = YES;
				CLANG_WARN_ENUM_CONVERSION = YES;
				CLANG_WARN_INFINITE_RECURSION = YES;
				CLANG_WARN_INT_CONVERSION = YES;
				CLANG_WARN_NON_LITERAL_NULL_CONVERSION = YES;
				CLANG_WARN_OBJC_IMPLICIT_RETAIN_SELF = YES;
				CLANG_WARN_OBJC_LITERAL_CONVERSION = YES;
				CLANG_WARN_OBJC_ROOT_CLASS = YES_ERROR;
				CLANG_WARN_QUOTED_INCLUDE_IN_FRAMEWORK_HEADER = YES;
				CLANG_WARN_RANGE_LOOP_ANALYSIS = YES;
				CLANG_WARN_STRICT_PROTOTYPES = YES;
				CLANG_WARN_SUSPICIOUS_MOVE = YES;
				CLANG_WARN_UNGUARDED_AVAILABILITY = YES_AGGRESSIVE;
				CLANG_WARN_UNREACHABLE_CODE = YES;
				CLANG_WARN__DUPLICATE_METHOD_MATCH = YES;
				COPY_PHASE_STRIP = NO;
				DEBUG_INFORMATION_FORMAT = "dwarf-with-dsym";
				ENABLE_NS_ASSERTIONS = NO;
				ENABLE_STRICT_OBJC_MSGSEND = YES;
				GCC_C_LANGUAGE_STANDARD = gnu11;
				GCC_NO_COMMON_BLOCKS = YES;
				GCC_WARN_64_TO_32_BIT_CONVERSION = YES;
				GCC_WARN_ABOUT_RETURN_TYPE = YES_ERROR;
				GCC_WARN_UNDECLARED_SELECTOR = YES;
				GCC_WARN_UNINITIALIZED_AUTOS = YES_AGGRESSIVE;
				GCC_WARN_UNUSED_FUNCTION = YES;
				GCC_WARN_UNUSED_VARIABLE = YES;
				IPHONEOS_DEPLOYMENT_TARGET = 15.5;
				MTL_ENABLE_DEBUG_INFO = NO;
				MTL_FAST_MATH = YES;
				SDKROOT = iphoneos;
				SWIFT_COMPILATION_MODE = wholemodule;
				SWIFT_OPTIMIZATION_LEVEL = "-O";
				VALIDATE_PRODUCT = YES;
			};
			name = Release;
		};
		C2660F032887144100D8EA16 /* Debug */ = {
			isa = XCBuildConfiguration;
			baseConfigurationReference = C47552D34E845DBB859096A2 /* Pods-Stock.debug.xcconfig */;
			buildSettings = {
				ASSETCATALOG_COMPILER_APPICON_NAME = AppIcon;
				ASSETCATALOG_COMPILER_GLOBAL_ACCENT_COLOR_NAME = AccentColor;
				CODE_SIGN_STYLE = Automatic;
				CURRENT_PROJECT_VERSION = 1;
				DEVELOPMENT_TEAM = X4FJ736MWC;
				GENERATE_INFOPLIST_FILE = YES;
				INFOPLIST_FILE = "Stock/Supporting Files/Info.plist";
				INFOPLIST_KEY_UIApplicationSupportsIndirectInputEvents = YES;
				INFOPLIST_KEY_UILaunchStoryboardName = LaunchScreen;
				INFOPLIST_KEY_UISupportedInterfaceOrientations_iPad = "UIInterfaceOrientationPortrait UIInterfaceOrientationPortraitUpsideDown UIInterfaceOrientationLandscapeLeft UIInterfaceOrientationLandscapeRight";
				INFOPLIST_KEY_UISupportedInterfaceOrientations_iPhone = "UIInterfaceOrientationPortrait UIInterfaceOrientationLandscapeLeft UIInterfaceOrientationLandscapeRight";
				LD_RUNPATH_SEARCH_PATHS = (
					"$(inherited)",
					"@executable_path/Frameworks",
				);
				MARKETING_VERSION = 1.0;
				PRODUCT_BUNDLE_IDENTIFIER = Zlmnv.Stock;
				PRODUCT_NAME = "$(TARGET_NAME)";
				SWIFT_EMIT_LOC_STRINGS = YES;
				SWIFT_OBJC_BRIDGING_HEADER = "Stock/Supporting Files/Stock-Bridging-Header.h";
				SWIFT_VERSION = 5.0;
				TARGETED_DEVICE_FAMILY = 1;
			};
			name = Debug;
		};
		C2660F042887144100D8EA16 /* Release */ = {
			isa = XCBuildConfiguration;
			baseConfigurationReference = A66DF8FEF1B5A7B2AA2FCB42 /* Pods-Stock.release.xcconfig */;
			buildSettings = {
				ASSETCATALOG_COMPILER_APPICON_NAME = AppIcon;
				ASSETCATALOG_COMPILER_GLOBAL_ACCENT_COLOR_NAME = AccentColor;
				CODE_SIGN_STYLE = Automatic;
				CURRENT_PROJECT_VERSION = 1;
				DEVELOPMENT_TEAM = X4FJ736MWC;
				GENERATE_INFOPLIST_FILE = YES;
				INFOPLIST_FILE = "Stock/Supporting Files/Info.plist";
				INFOPLIST_KEY_UIApplicationSupportsIndirectInputEvents = YES;
				INFOPLIST_KEY_UILaunchStoryboardName = LaunchScreen;
				INFOPLIST_KEY_UISupportedInterfaceOrientations_iPad = "UIInterfaceOrientationPortrait UIInterfaceOrientationPortraitUpsideDown UIInterfaceOrientationLandscapeLeft UIInterfaceOrientationLandscapeRight";
				INFOPLIST_KEY_UISupportedInterfaceOrientations_iPhone = "UIInterfaceOrientationPortrait UIInterfaceOrientationLandscapeLeft UIInterfaceOrientationLandscapeRight";
				LD_RUNPATH_SEARCH_PATHS = (
					"$(inherited)",
					"@executable_path/Frameworks",
				);
				MARKETING_VERSION = 1.0;
				PRODUCT_BUNDLE_IDENTIFIER = Zlmnv.Stock;
				PRODUCT_NAME = "$(TARGET_NAME)";
				SWIFT_EMIT_LOC_STRINGS = YES;
				SWIFT_OBJC_BRIDGING_HEADER = "Stock/Supporting Files/Stock-Bridging-Header.h";
				SWIFT_VERSION = 5.0;
				TARGETED_DEVICE_FAMILY = 1;
			};
			name = Release;
		};
/* End XCBuildConfiguration section */

/* Begin XCConfigurationList section */
		C2660EE62887143F00D8EA16 /* Build configuration list for PBXProject "Stock" */ = {
			isa = XCConfigurationList;
			buildConfigurations = (
				C2660F002887144100D8EA16 /* Debug */,
				C2660F012887144100D8EA16 /* Release */,
			);
			defaultConfigurationIsVisible = 0;
			defaultConfigurationName = Release;
		};
		C2660F022887144100D8EA16 /* Build configuration list for PBXNativeTarget "Stock" */ = {
			isa = XCConfigurationList;
			buildConfigurations = (
				C2660F032887144100D8EA16 /* Debug */,
				C2660F042887144100D8EA16 /* Release */,
			);
			defaultConfigurationIsVisible = 0;
			defaultConfigurationName = Release;
		};
/* End XCConfigurationList section */

/* Begin XCVersionGroup section */
		C2660EF72887143F00D8EA16 /* Stock.xcdatamodeld */ = {
			isa = XCVersionGroup;
			children = (
				C2660EF82887143F00D8EA16 /* Stock.xcdatamodel */,
			);
			currentVersion = C2660EF82887143F00D8EA16 /* Stock.xcdatamodel */;
			path = Stock.xcdatamodeld;
			sourceTree = "<group>";
			versionGroupType = wrapper.xcdatamodel;
		};
/* End XCVersionGroup section */
	};
	rootObject = C2660EE32887143F00D8EA16 /* Project object */;
}
